// !$*UTF8*$!
{
	archiveVersion = 1;
	classes = {
	};
	objectVersion = 48;
	objects = {

/* Begin PBXBuildFile section */
		3450452C1F630E5A003666A3 /* BrouLayer.h in Headers */ = {isa = PBXBuildFile; fileRef = 3498F0BF1F493EC0006DF7D1 /* BrouLayer.h */; settings = {ATTRIBUTES = (Public, ); }; };
		3498F0B31F4938EC006DF7D1 /* BrouNeon.c in Sources */ = {isa = PBXBuildFile; fileRef = 3498F0B21F4938EC006DF7D1 /* BrouNeon.c */; };
		3498F0B81F4939E1006DF7D1 /* BrouUtils.c in Sources */ = {isa = PBXBuildFile; fileRef = 3498F0B71F4939E1006DF7D1 /* BrouUtils.c */; };
		3498F0BC1F493B08006DF7D1 /* BrouConvertType.c in Sources */ = {isa = PBXBuildFile; fileRef = 3498F0BA1F493B08006DF7D1 /* BrouConvertType.c */; };
		3498F0C81F494298006DF7D1 /* Brouhaha.m in Sources */ = {isa = PBXBuildFile; fileRef = 3498F0C71F494298006DF7D1 /* Brouhaha.m */; };
		34B8CE2C2022AD61001EFF04 /* BrouUniqueTensor.h in Headers */ = {isa = PBXBuildFile; fileRef = 34B8CE2A2022AD61001EFF04 /* BrouUniqueTensor.h */; };
		34B8CE302023430A001EFF04 /* BrouShareBuffer.h in Headers */ = {isa = PBXBuildFile; fileRef = 34B8CE2E2023430A001EFF04 /* BrouShareBuffer.h */; };
		34B8CE312023430A001EFF04 /* BrouShareBuffer.m in Sources */ = {isa = PBXBuildFile; fileRef = 34B8CE2F2023430A001EFF04 /* BrouShareBuffer.m */; };
		34F99EF41F4E95B700261B45 /* BrouLayer.m in Sources */ = {isa = PBXBuildFile; fileRef = 3498F0C01F493EC0006DF7D1 /* BrouLayer.m */; };
/* End PBXBuildFile section */

/* Begin PBXCopyFilesBuildPhase section */
		3498F0A01F493713006DF7D1 /* CopyFiles */ = {
			isa = PBXCopyFilesBuildPhase;
			buildActionMask = 2147483647;
			dstPath = "include/$(PRODUCT_NAME)";
			dstSubfolderSpec = 16;
			files = (
			);
			runOnlyForDeploymentPostprocessing = 0;
		};
/* End PBXCopyFilesBuildPhase section */

/* Begin PBXFileReference section */
		342BA2D51F55577F0018C6C6 /* BrouAddLayer.h */ = {isa = PBXFileReference; lastKnownFileType = sourcecode.c.h; path = BrouAddLayer.h; sourceTree = "<group>"; };
		342BA2D61F55577F0018C6C6 /* BrouAddLayer.m */ = {isa = PBXFileReference; lastKnownFileType = sourcecode.c.objc; path = BrouAddLayer.m; sourceTree = "<group>"; };
		342BA2D71F555EC60018C6C6 /* BrouAddBiasLayer.h */ = {isa = PBXFileReference; lastKnownFileType = sourcecode.c.h; path = BrouAddBiasLayer.h; sourceTree = "<group>"; };
		342BA2D81F555EC60018C6C6 /* BrouAddBiasLayer.m */ = {isa = PBXFileReference; lastKnownFileType = sourcecode.c.objc; path = BrouAddBiasLayer.m; sourceTree = "<group>"; };
		342BA3191F57DBE70018C6C6 /* BrouBatchNormalizationLayer.h */ = {isa = PBXFileReference; lastKnownFileType = sourcecode.c.h; path = BrouBatchNormalizationLayer.h; sourceTree = "<group>"; };
		342BA31A1F57DBE70018C6C6 /* BrouBatchNormalizationLayer.m */ = {isa = PBXFileReference; lastKnownFileType = sourcecode.c.objc; path = BrouBatchNormalizationLayer.m; sourceTree = "<group>"; };
		34317EA71F5BC4340054B8DC /* BrouTemporaryBuffer1.h */ = {isa = PBXFileReference; lastKnownFileType = sourcecode.c.h; path = BrouTemporaryBuffer1.h; sourceTree = "<group>"; };
		34317EA81F5BC4340054B8DC /* BrouTemporaryBuffer1.m */ = {isa = PBXFileReference; lastKnownFileType = sourcecode.c.objc; path = BrouTemporaryBuffer1.m; sourceTree = "<group>"; };
		343F26852026BE7D00690810 /* BrouTemporaryTensor.h */ = {isa = PBXFileReference; lastKnownFileType = sourcecode.c.h; path = BrouTemporaryTensor.h; sourceTree = "<group>"; };
		343F26862026BE7D00690810 /* BrouTemporaryTensor.m */ = {isa = PBXFileReference; lastKnownFileType = sourcecode.c.objc; path = BrouTemporaryTensor.m; sourceTree = "<group>"; };
		345EBD481F4A7FF700E746B2 /* BrouConvolutionMMLayer.h */ = {isa = PBXFileReference; lastKnownFileType = sourcecode.c.h; path = BrouConvolutionMMLayer.h; sourceTree = "<group>"; };
		345EBD491F4A7FF800E746B2 /* BrouConvolutionMMLayer.m */ = {isa = PBXFileReference; lastKnownFileType = sourcecode.c.objc; path = BrouConvolutionMMLayer.m; sourceTree = "<group>"; };
		345EBD551F4AC1EC00E746B2 /* BrouTransposedConvolutionLayer.h */ = {isa = PBXFileReference; lastKnownFileType = sourcecode.c.h; path = BrouTransposedConvolutionLayer.h; sourceTree = "<group>"; };
		345EBD561F4AC1EC00E746B2 /* BrouTransposedConvolutionLayer.m */ = {isa = PBXFileReference; lastKnownFileType = sourcecode.c.objc; path = BrouTransposedConvolutionLayer.m; sourceTree = "<group>"; };
		349135971F5FBD8500C2F09C /* BrouTransposedConvolutionMMLayer.h */ = {isa = PBXFileReference; lastKnownFileType = sourcecode.c.h; path = BrouTransposedConvolutionMMLayer.h; sourceTree = "<group>"; };
		349135981F5FBD8500C2F09C /* BrouTransposedConvolutionMMLayer.m */ = {isa = PBXFileReference; lastKnownFileType = sourcecode.c.objc; path = BrouTransposedConvolutionMMLayer.m; sourceTree = "<group>"; };
		3498F0A21F493713006DF7D1 /* libBrouhaha.a */ = {isa = PBXFileReference; explicitFileType = archive.ar; includeInIndex = 0; path = libBrouhaha.a; sourceTree = BUILT_PRODUCTS_DIR; };
		3498F0B01F493805006DF7D1 /* BrouMacro.h */ = {isa = PBXFileReference; lastKnownFileType = sourcecode.c.h; path = BrouMacro.h; sourceTree = "<group>"; };
		3498F0B11F49383A006DF7D1 /* BrouStruct.h */ = {isa = PBXFileReference; lastKnownFileType = sourcecode.c.h; path = BrouStruct.h; sourceTree = "<group>"; };
		3498F0B21F4938EC006DF7D1 /* BrouNeon.c */ = {isa = PBXFileReference; lastKnownFileType = sourcecode.c.c; path = BrouNeon.c; sourceTree = "<group>"; };
		3498F0B51F493991006DF7D1 /* BrouMatrix.c */ = {isa = PBXFileReference; lastKnownFileType = sourcecode.c.c; path = BrouMatrix.c; sourceTree = "<group>"; };
		3498F0B61F4939B9006DF7D1 /* BrouGenerate.h */ = {isa = PBXFileReference; lastKnownFileType = sourcecode.c.h; path = BrouGenerate.h; sourceTree = "<group>"; };
		3498F0B71F4939E1006DF7D1 /* BrouUtils.c */ = {isa = PBXFileReference; lastKnownFileType = sourcecode.c.c; path = BrouUtils.c; sourceTree = "<group>"; };
		3498F0B91F493A8A006DF7D1 /* BrouUtils.h */ = {isa = PBXFileReference; lastKnownFileType = sourcecode.c.h; path = BrouUtils.h; sourceTree = "<group>"; };
		3498F0BA1F493B08006DF7D1 /* BrouConvertType.c */ = {isa = PBXFileReference; lastKnownFileType = sourcecode.c.c; path = BrouConvertType.c; sourceTree = "<group>"; };
		3498F0BB1F493B08006DF7D1 /* BrouConvertType.h */ = {isa = PBXFileReference; lastKnownFileType = sourcecode.c.h; path = BrouConvertType.h; sourceTree = "<group>"; };
		3498F0BF1F493EC0006DF7D1 /* BrouLayer.h */ = {isa = PBXFileReference; lastKnownFileType = sourcecode.c.h; path = BrouLayer.h; sourceTree = "<group>"; };
		3498F0C01F493EC0006DF7D1 /* BrouLayer.m */ = {isa = PBXFileReference; lastKnownFileType = sourcecode.c.objc; path = BrouLayer.m; sourceTree = "<group>"; };
		3498F0C31F494041006DF7D1 /* BrouConvolutionLayer.m */ = {isa = PBXFileReference; lastKnownFileType = sourcecode.c.objc; path = BrouConvolutionLayer.m; sourceTree = "<group>"; };
		3498F0C41F4941AC006DF7D1 /* BrouConvolutionLayer.h */ = {isa = PBXFileReference; lastKnownFileType = sourcecode.c.h; path = BrouConvolutionLayer.h; sourceTree = "<group>"; };
		3498F0C61F494298006DF7D1 /* Brouhaha.h */ = {isa = PBXFileReference; lastKnownFileType = sourcecode.c.h; path = Brouhaha.h; sourceTree = "<group>"; };
		3498F0C71F494298006DF7D1 /* Brouhaha.m */ = {isa = PBXFileReference; lastKnownFileType = sourcecode.c.objc; path = Brouhaha.m; sourceTree = "<group>"; };
		34B8CE2A2022AD61001EFF04 /* BrouUniqueTensor.h */ = {isa = PBXFileReference; lastKnownFileType = sourcecode.c.h; path = BrouUniqueTensor.h; sourceTree = "<group>"; };
		34B8CE2B2022AD61001EFF04 /* BrouUniqueTensor.m */ = {isa = PBXFileReference; lastKnownFileType = sourcecode.c.objc; path = BrouUniqueTensor.m; sourceTree = "<group>"; };
		34B8CE2E2023430A001EFF04 /* BrouShareBuffer.h */ = {isa = PBXFileReference; lastKnownFileType = sourcecode.c.h; path = BrouShareBuffer.h; sourceTree = "<group>"; };
		34B8CE2F2023430A001EFF04 /* BrouShareBuffer.m */ = {isa = PBXFileReference; lastKnownFileType = sourcecode.c.objc; path = BrouShareBuffer.m; sourceTree = "<group>"; };
		34B8CE322026BB3E001EFF04 /* BrouTensor.h */ = {isa = PBXFileReference; lastKnownFileType = sourcecode.c.h; path = BrouTensor.h; sourceTree = "<group>"; };
		34C83A5F1F63028700819D44 /* BrouDilatedConvolutionLayer.h */ = {isa = PBXFileReference; lastKnownFileType = sourcecode.c.h; path = BrouDilatedConvolutionLayer.h; sourceTree = "<group>"; };
		34C83A601F63028700819D44 /* BrouDilatedConvolutionLayer.m */ = {isa = PBXFileReference; lastKnownFileType = sourcecode.c.objc; path = BrouDilatedConvolutionLayer.m; sourceTree = "<group>"; };
		34C83A611F63058200819D44 /* BrouDilatedConvolutionMMLayer.h */ = {isa = PBXFileReference; lastKnownFileType = sourcecode.c.h; path = BrouDilatedConvolutionMMLayer.h; sourceTree = "<group>"; };
		34C83A621F63058200819D44 /* BrouDilatedConvolutionMMLayer.m */ = {isa = PBXFileReference; lastKnownFileType = sourcecode.c.objc; path = BrouDilatedConvolutionMMLayer.m; sourceTree = "<group>"; };
		34F99EF21F4E947300261B45 /* BrouMaxPoolingLayer.h */ = {isa = PBXFileReference; lastKnownFileType = sourcecode.c.h; path = BrouMaxPoolingLayer.h; sourceTree = "<group>"; };
		34F99EF31F4E947300261B45 /* BrouMaxPoolingLayer.m */ = {isa = PBXFileReference; lastKnownFileType = sourcecode.c.objc; path = BrouMaxPoolingLayer.m; sourceTree = "<group>"; };
		34F99EF51F4E96D400261B45 /* BrouAveragePoolingLayer.h */ = {isa = PBXFileReference; lastKnownFileType = sourcecode.c.h; path = BrouAveragePoolingLayer.h; sourceTree = "<group>"; };
		34F99EF61F4E96D400261B45 /* BrouAveragePoolingLayer.m */ = {isa = PBXFileReference; lastKnownFileType = sourcecode.c.objc; path = BrouAveragePoolingLayer.m; sourceTree = "<group>"; };
		34F99EF71F4E99B400261B45 /* BrouTanHLayer.h */ = {isa = PBXFileReference; lastKnownFileType = sourcecode.c.h; path = BrouTanHLayer.h; sourceTree = "<group>"; };
		34F99EF81F4E99B400261B45 /* BrouTanHLayer.m */ = {isa = PBXFileReference; lastKnownFileType = sourcecode.c.objc; path = BrouTanHLayer.m; sourceTree = "<group>"; };
		34F99EFB1F4EA92A00261B45 /* BrouReLuLayer.h */ = {isa = PBXFileReference; lastKnownFileType = sourcecode.c.h; path = BrouReLuLayer.h; sourceTree = "<group>"; };
		34F99EFC1F4EA92A00261B45 /* BrouReLuLayer.m */ = {isa = PBXFileReference; lastKnownFileType = sourcecode.c.objc; path = BrouReLuLayer.m; sourceTree = "<group>"; };
		34F99EFD1F4EA9E700261B45 /* BrouPReLuLayer.h */ = {isa = PBXFileReference; lastKnownFileType = sourcecode.c.h; path = BrouPReLuLayer.h; sourceTree = "<group>"; };
		34F99EFE1F4EA9E700261B45 /* BrouPReLuLayer.m */ = {isa = PBXFileReference; lastKnownFileType = sourcecode.c.objc; path = BrouPReLuLayer.m; sourceTree = "<group>"; };
		34F99EFF1F4EAF4F00261B45 /* BrouLinearLayer.h */ = {isa = PBXFileReference; lastKnownFileType = sourcecode.c.h; path = BrouLinearLayer.h; sourceTree = "<group>"; };
		34F99F001F4EAF4F00261B45 /* BrouLinearLayer.m */ = {isa = PBXFileReference; lastKnownFileType = sourcecode.c.objc; path = BrouLinearLayer.m; sourceTree = "<group>"; };
		34F99F011F4EB86300261B45 /* BrouFullConnectLayer.h */ = {isa = PBXFileReference; lastKnownFileType = sourcecode.c.h; path = BrouFullConnectLayer.h; sourceTree = "<group>"; };
		34F99F021F4EB86300261B45 /* BrouFullConnectLayer.m */ = {isa = PBXFileReference; lastKnownFileType = sourcecode.c.objc; path = BrouFullConnectLayer.m; sourceTree = "<group>"; };
		34F99F031F4EC64100261B45 /* BrouConvertLayer.h */ = {isa = PBXFileReference; lastKnownFileType = sourcecode.c.h; path = BrouConvertLayer.h; sourceTree = "<group>"; };
		34F99F041F4EC64100261B45 /* BrouConvertLayer.m */ = {isa = PBXFileReference; lastKnownFileType = sourcecode.c.objc; path = BrouConvertLayer.m; sourceTree = "<group>"; };
/* End PBXFileReference section */

/* Begin PBXFrameworksBuildPhase section */
		3498F09F1F493713006DF7D1 /* Frameworks */ = {
			isa = PBXFrameworksBuildPhase;
			buildActionMask = 2147483647;
			files = (
			);
			runOnlyForDeploymentPostprocessing = 0;
		};
/* End PBXFrameworksBuildPhase section */

/* Begin PBXGroup section */
		3498F0991F493713006DF7D1 = {
			isa = PBXGroup;
			children = (
				3498F0A41F493713006DF7D1 /* Brouhaha */,
				3498F0A31F493713006DF7D1 /* Products */,
			);
			sourceTree = "<group>";
		};
		3498F0A31F493713006DF7D1 /* Products */ = {
			isa = PBXGroup;
			children = (
				3498F0A21F493713006DF7D1 /* libBrouhaha.a */,
			);
			name = Products;
			sourceTree = "<group>";
		};
		3498F0A41F493713006DF7D1 /* Brouhaha */ = {
			isa = PBXGroup;
			children = (
				3498F0C61F494298006DF7D1 /* Brouhaha.h */,
				3498F0C71F494298006DF7D1 /* Brouhaha.m */,
				3498F0AF1F4937BD006DF7D1 /* Basic */,
				3498F0AE1F493775006DF7D1 /* Utils */,
				3498F0BD1F493DFA006DF7D1 /* Layer */,
			);
			path = Brouhaha;
			sourceTree = "<group>";
		};
		3498F0AE1F493775006DF7D1 /* Utils */ = {
			isa = PBXGroup;
			children = (
				3498F0B41F49393F006DF7D1 /* Generate */,
				3498F0B21F4938EC006DF7D1 /* BrouNeon.c */,
				3498F0BA1F493B08006DF7D1 /* BrouConvertType.c */,
				3498F0BB1F493B08006DF7D1 /* BrouConvertType.h */,
				3498F0B91F493A8A006DF7D1 /* BrouUtils.h */,
				3498F0B71F4939E1006DF7D1 /* BrouUtils.c */,
			);
			path = Utils;
			sourceTree = "<group>";
		};
		3498F0AF1F4937BD006DF7D1 /* Basic */ = {
			isa = PBXGroup;
			children = (
				3498F0B01F493805006DF7D1 /* BrouMacro.h */,
				3498F0B11F49383A006DF7D1 /* BrouStruct.h */,
				34317EA71F5BC4340054B8DC /* BrouTemporaryBuffer1.h */,
				34317EA81F5BC4340054B8DC /* BrouTemporaryBuffer1.m */,
				34B8CE322026BB3E001EFF04 /* BrouTensor.h */,
				34B8CE2A2022AD61001EFF04 /* BrouUniqueTensor.h */,
				34B8CE2B2022AD61001EFF04 /* BrouUniqueTensor.m */,
				343F26852026BE7D00690810 /* BrouTemporaryTensor.h */,
				343F26862026BE7D00690810 /* BrouTemporaryTensor.m */,
				34B8CE2E2023430A001EFF04 /* BrouShareBuffer.h */,
				34B8CE2F2023430A001EFF04 /* BrouShareBuffer.m */,
			);
			path = Basic;
			sourceTree = "<group>";
		};
		3498F0B41F49393F006DF7D1 /* Generate */ = {
			isa = PBXGroup;
			children = (
				3498F0B51F493991006DF7D1 /* BrouMatrix.c */,
				3498F0B61F4939B9006DF7D1 /* BrouGenerate.h */,
			);
			path = Generate;
			sourceTree = "<group>";
		};
		3498F0BD1F493DFA006DF7D1 /* Layer */ = {
			isa = PBXGroup;
			children = (
				3498F0BF1F493EC0006DF7D1 /* BrouLayer.h */,
				3498F0C01F493EC0006DF7D1 /* BrouLayer.m */,
				3498F0BE1F493E17006DF7D1 /* Generate */,
			);
			path = Layer;
			sourceTree = "<group>";
		};
		3498F0BE1F493E17006DF7D1 /* Generate */ = {
			isa = PBXGroup;
			children = (
				3498F0C41F4941AC006DF7D1 /* BrouConvolutionLayer.h */,
				3498F0C31F494041006DF7D1 /* BrouConvolutionLayer.m */,
				345EBD481F4A7FF700E746B2 /* BrouConvolutionMMLayer.h */,
				345EBD491F4A7FF800E746B2 /* BrouConvolutionMMLayer.m */,
				345EBD551F4AC1EC00E746B2 /* BrouTransposedConvolutionLayer.h */,
				345EBD561F4AC1EC00E746B2 /* BrouTransposedConvolutionLayer.m */,
				349135971F5FBD8500C2F09C /* BrouTransposedConvolutionMMLayer.h */,
				349135981F5FBD8500C2F09C /* BrouTransposedConvolutionMMLayer.m */,
				34C83A5F1F63028700819D44 /* BrouDilatedConvolutionLayer.h */,
				34C83A601F63028700819D44 /* BrouDilatedConvolutionLayer.m */,
				34C83A611F63058200819D44 /* BrouDilatedConvolutionMMLayer.h */,
				34C83A621F63058200819D44 /* BrouDilatedConvolutionMMLayer.m */,
				34F99EF21F4E947300261B45 /* BrouMaxPoolingLayer.h */,
				34F99EF31F4E947300261B45 /* BrouMaxPoolingLayer.m */,
				34F99EF51F4E96D400261B45 /* BrouAveragePoolingLayer.h */,
				34F99EF61F4E96D400261B45 /* BrouAveragePoolingLayer.m */,
				34F99EF71F4E99B400261B45 /* BrouTanHLayer.h */,
				34F99EF81F4E99B400261B45 /* BrouTanHLayer.m */,
				34F99EFB1F4EA92A00261B45 /* BrouReLuLayer.h */,
				34F99EFC1F4EA92A00261B45 /* BrouReLuLayer.m */,
				34F99EFD1F4EA9E700261B45 /* BrouPReLuLayer.h */,
				34F99EFE1F4EA9E700261B45 /* BrouPReLuLayer.m */,
				34F99EFF1F4EAF4F00261B45 /* BrouLinearLayer.h */,
				34F99F001F4EAF4F00261B45 /* BrouLinearLayer.m */,
				34F99F011F4EB86300261B45 /* BrouFullConnectLayer.h */,
				34F99F021F4EB86300261B45 /* BrouFullConnectLayer.m */,
				342BA2D51F55577F0018C6C6 /* BrouAddLayer.h */,
				342BA2D61F55577F0018C6C6 /* BrouAddLayer.m */,
				342BA2D71F555EC60018C6C6 /* BrouAddBiasLayer.h */,
				342BA2D81F555EC60018C6C6 /* BrouAddBiasLayer.m */,
				342BA3191F57DBE70018C6C6 /* BrouBatchNormalizationLayer.h */,
				342BA31A1F57DBE70018C6C6 /* BrouBatchNormalizationLayer.m */,
				34F99F031F4EC64100261B45 /* BrouConvertLayer.h */,
				34F99F041F4EC64100261B45 /* BrouConvertLayer.m */,
			);
			path = Generate;
			sourceTree = "<group>";
		};
/* End PBXGroup section */

/* Begin PBXHeadersBuildPhase section */
		3450452B1F630E55003666A3 /* Headers */ = {
			isa = PBXHeadersBuildPhase;
			buildActionMask = 2147483647;
			files = (
				3450452C1F630E5A003666A3 /* BrouLayer.h in Headers */,
				34B8CE302023430A001EFF04 /* BrouShareBuffer.h in Headers */,
				34B8CE2C2022AD61001EFF04 /* BrouUniqueTensor.h in Headers */,
			);
			runOnlyForDeploymentPostprocessing = 0;
		};
/* End PBXHeadersBuildPhase section */

/* Begin PBXNativeTarget section */
		3498F0A11F493713006DF7D1 /* Brouhaha */ = {
			isa = PBXNativeTarget;
			buildConfigurationList = 3498F0AB1F493713006DF7D1 /* Build configuration list for PBXNativeTarget "Brouhaha" */;
			buildPhases = (
				3498F09E1F493713006DF7D1 /* Sources */,
				3498F09F1F493713006DF7D1 /* Frameworks */,
				3498F0A01F493713006DF7D1 /* CopyFiles */,
				3450452B1F630E55003666A3 /* Headers */,
			);
			buildRules = (
			);
			dependencies = (
			);
			name = Brouhaha;
			productName = BrouhahaReal;
			productReference = 3498F0A21F493713006DF7D1 /* libBrouhaha.a */;
			productType = "com.apple.product-type.library.static";
		};
/* End PBXNativeTarget section */

/* Begin PBXProject section */
		3498F09A1F493713006DF7D1 /* Project object */ = {
			isa = PBXProject;
			attributes = {
				LastUpgradeCheck = 0900;
				ORGANIZATIONNAME = yanyuanchi;
				TargetAttributes = {
					3498F0A11F493713006DF7D1 = {
						CreatedOnToolsVersion = 9.0;
					};
				};
			};
			buildConfigurationList = 3498F09D1F493713006DF7D1 /* Build configuration list for PBXProject "Brouhaha" */;
			compatibilityVersion = "Xcode 8.0";
			developmentRegion = en;
			hasScannedForEncodings = 0;
			knownRegions = (
				en,
			);
			mainGroup = 3498F0991F493713006DF7D1;
			productRefGroup = 3498F0A31F493713006DF7D1 /* Products */;
			projectDirPath = "";
			projectRoot = "";
			targets = (
				3498F0A11F493713006DF7D1 /* Brouhaha */,
			);
		};
/* End PBXProject section */

/* Begin PBXSourcesBuildPhase section */
		3498F09E1F493713006DF7D1 /* Sources */ = {
			isa = PBXSourcesBuildPhase;
			buildActionMask = 2147483647;
			files = (
				34B8CE312023430A001EFF04 /* BrouShareBuffer.m in Sources */,
				3498F0B31F4938EC006DF7D1 /* BrouNeon.c in Sources */,
				3498F0B81F4939E1006DF7D1 /* BrouUtils.c in Sources */,
				3498F0BC1F493B08006DF7D1 /* BrouConvertType.c in Sources */,
				34F99EF41F4E95B700261B45 /* BrouLayer.m in Sources */,
				3498F0C81F494298006DF7D1 /* Brouhaha.m in Sources */,
			);
			runOnlyForDeploymentPostprocessing = 0;
		};
/* End PBXSourcesBuildPhase section */

/* Begin XCBuildConfiguration section */
		3498F0A91F493713006DF7D1 /* Debug */ = {
			isa = XCBuildConfiguration;
			buildSettings = {
				ALWAYS_SEARCH_USER_PATHS = NO;
				CLANG_ANALYZER_NONNULL = YES;
				CLANG_ANALYZER_NUMBER_OBJECT_CONVERSION = YES_AGGRESSIVE;
				CLANG_CXX_LANGUAGE_STANDARD = "gnu++14";
				CLANG_CXX_LIBRARY = "libc++";
				CLANG_ENABLE_MODULES = YES;
				CLANG_ENABLE_OBJC_ARC = YES;
				CLANG_WARN_BLOCK_CAPTURE_AUTORELEASING = YES;
				CLANG_WARN_BOOL_CONVERSION = YES;
				CLANG_WARN_COMMA = YES;
				CLANG_WARN_CONSTANT_CONVERSION = YES;
				CLANG_WARN_DIRECT_OBJC_ISA_USAGE = YES_ERROR;
				CLANG_WARN_DOCUMENTATION_COMMENTS = YES;
				CLANG_WARN_EMPTY_BODY = YES;
				CLANG_WARN_ENUM_CONVERSION = YES;
				CLANG_WARN_INFINITE_RECURSION = YES;
				CLANG_WARN_INT_CONVERSION = YES;
				CLANG_WARN_NON_LITERAL_NULL_CONVERSION = YES;
				CLANG_WARN_OBJC_LITERAL_CONVERSION = YES;
				CLANG_WARN_OBJC_ROOT_CLASS = YES_ERROR;
				CLANG_WARN_RANGE_LOOP_ANALYSIS = YES;
				CLANG_WARN_STRICT_PROTOTYPES = YES;
				CLANG_WARN_SUSPICIOUS_MOVE = YES;
				CLANG_WARN_UNGUARDED_AVAILABILITY = YES_AGGRESSIVE;
				CLANG_WARN_UNREACHABLE_CODE = YES;
				CLANG_WARN__DUPLICATE_METHOD_MATCH = YES;
				CODE_SIGN_IDENTITY = "iPhone Developer";
				COPY_PHASE_STRIP = NO;
				DEBUG_INFORMATION_FORMAT = dwarf;
				ENABLE_STRICT_OBJC_MSGSEND = YES;
				ENABLE_TESTABILITY = YES;
				GCC_C_LANGUAGE_STANDARD = gnu11;
				GCC_DYNAMIC_NO_PIC = NO;
				GCC_NO_COMMON_BLOCKS = YES;
				GCC_OPTIMIZATION_LEVEL = 0;
				GCC_PREPROCESSOR_DEFINITIONS = (
					"DEBUG=1",
					"$(inherited)",
				);
				GCC_WARN_64_TO_32_BIT_CONVERSION = YES;
				GCC_WARN_ABOUT_RETURN_TYPE = YES_ERROR;
				GCC_WARN_UNDECLARED_SELECTOR = YES;
				GCC_WARN_UNINITIALIZED_AUTOS = YES_AGGRESSIVE;
				GCC_WARN_UNUSED_FUNCTION = YES;
				GCC_WARN_UNUSED_VARIABLE = YES;
				IPHONEOS_DEPLOYMENT_TARGET = 8.0;
				MTL_ENABLE_DEBUG_INFO = YES;
				ONLY_ACTIVE_ARCH = YES;
				SDKROOT = iphoneos;
			};
			name = Debug;
		};
		3498F0AA1F493713006DF7D1 /* Release */ = {
			isa = XCBuildConfiguration;
			buildSettings = {
				ALWAYS_SEARCH_USER_PATHS = NO;
				CLANG_ANALYZER_NONNULL = YES;
				CLANG_ANALYZER_NUMBER_OBJECT_CONVERSION = YES_AGGRESSIVE;
				CLANG_CXX_LANGUAGE_STANDARD = "gnu++14";
				CLANG_CXX_LIBRARY = "libc++";
				CLANG_ENABLE_MODULES = YES;
				CLANG_ENABLE_OBJC_ARC = YES;
				CLANG_WARN_BLOCK_CAPTURE_AUTORELEASING = YES;
				CLANG_WARN_BOOL_CONVERSION = YES;
				CLANG_WARN_COMMA = YES;
				CLANG_WARN_CONSTANT_CONVERSION = YES;
				CLANG_WARN_DIRECT_OBJC_ISA_USAGE = YES_ERROR;
				CLANG_WARN_DOCUMENTATION_COMMENTS = YES;
				CLANG_WARN_EMPTY_BODY = YES;
				CLANG_WARN_ENUM_CONVERSION = YES;
				CLANG_WARN_INFINITE_RECURSION = YES;
				CLANG_WARN_INT_CONVERSION = YES;
				CLANG_WARN_NON_LITERAL_NULL_CONVERSION = YES;
				CLANG_WARN_OBJC_LITERAL_CONVERSION = YES;
				CLANG_WARN_OBJC_ROOT_CLASS = YES_ERROR;
				CLANG_WARN_RANGE_LOOP_ANALYSIS = YES;
				CLANG_WARN_STRICT_PROTOTYPES = YES;
				CLANG_WARN_SUSPICIOUS_MOVE = YES;
				CLANG_WARN_UNGUARDED_AVAILABILITY = YES_AGGRESSIVE;
				CLANG_WARN_UNREACHABLE_CODE = YES;
				CLANG_WARN__DUPLICATE_METHOD_MATCH = YES;
				CODE_SIGN_IDENTITY = "iPhone Developer";
				COPY_PHASE_STRIP = NO;
				DEBUG_INFORMATION_FORMAT = "dwarf-with-dsym";
				ENABLE_NS_ASSERTIONS = NO;
				ENABLE_STRICT_OBJC_MSGSEND = YES;
				GCC_C_LANGUAGE_STANDARD = gnu11;
				GCC_NO_COMMON_BLOCKS = YES;
				GCC_WARN_64_TO_32_BIT_CONVERSION = YES;
				GCC_WARN_ABOUT_RETURN_TYPE = YES_ERROR;
				GCC_WARN_UNDECLARED_SELECTOR = YES;
				GCC_WARN_UNINITIALIZED_AUTOS = YES_AGGRESSIVE;
				GCC_WARN_UNUSED_FUNCTION = YES;
				GCC_WARN_UNUSED_VARIABLE = YES;
				IPHONEOS_DEPLOYMENT_TARGET = 8.0;
				MTL_ENABLE_DEBUG_INFO = NO;
				SDKROOT = iphoneos;
				VALIDATE_PRODUCT = YES;
			};
			name = Release;
		};
		3498F0AC1F493713006DF7D1 /* Debug */ = {
			isa = XCBuildConfiguration;
			buildSettings = {
				DEVELOPMENT_TEAM = V7F846A4L3;
				OTHER_LDFLAGS = "-ObjC";
				PRODUCT_NAME = "$(TARGET_NAME)";
				SKIP_INSTALL = YES;
				TARGETED_DEVICE_FAMILY = "1,2";
			};
			name = Debug;
		};
		3498F0AD1F493713006DF7D1 /* Release */ = {
			isa = XCBuildConfiguration;
			buildSettings = {
				DEVELOPMENT_TEAM = V7F846A4L3;
				OTHER_LDFLAGS = "-ObjC";
				PRODUCT_NAME = "$(TARGET_NAME)";
				SKIP_INSTALL = YES;
				TARGETED_DEVICE_FAMILY = "1,2";
			};
			name = Release;
		};
/* End XCBuildConfiguration section */

/* Begin XCConfigurationList section */
		3498F09D1F493713006DF7D1 /* Build configuration list for PBXProject "Brouhaha" */ = {
			isa = XCConfigurationList;
			buildConfigurations = (
				3498F0A91F493713006DF7D1 /* Debug */,
				3498F0AA1F493713006DF7D1 /* Release */,
			);
			defaultConfigurationIsVisible = 0;
			defaultConfigurationName = Release;
		};
		3498F0AB1F493713006DF7D1 /* Build configuration list for PBXNativeTarget "Brouhaha" */ = {
			isa = XCConfigurationList;
			buildConfigurations = (
				3498F0AC1F493713006DF7D1 /* Debug */,
				3498F0AD1F493713006DF7D1 /* Release */,
			);
			defaultConfigurationIsVisible = 0;
			defaultConfigurationName = Release;
		};
/* End XCConfigurationList section */
	};
	rootObject = 3498F09A1F493713006DF7D1 /* Project object */;
}
