// !$*UTF8*$!
{
	archiveVersion = 1;
	classes = {
	};
	objectVersion = 46;
	objects = {

/* Begin PBXBuildFile section */
		34D248141F41AA6D00B64BFF /* BrouGenerate.metal in Sources */ = {isa = PBXBuildFile; fileRef = 34D248131F41AA6D00B64BFF /* BrouGenerate.metal */; };
/* End PBXBuildFile section */

/* Begin PBXFileReference section */
		341CF7401F46BED00010F9F9 /* BrouTransposedConvolutionMM.metal */ = {isa = PBXFileReference; lastKnownFileType = sourcecode.metal; path = BrouTransposedConvolutionMM.metal; sourceTree = "<group>"; };
		341CF7411F46C8E40010F9F9 /* BrouDilatedConvolutionMM.metal */ = {isa = PBXFileReference; lastKnownFileType = sourcecode.metal; path = BrouDilatedConvolutionMM.metal; sourceTree = "<group>"; };
		341CF76E1F46E5D50010F9F9 /* BrouConvolution.metal */ = {isa = PBXFileReference; lastKnownFileType = sourcecode.metal; path = BrouConvolution.metal; sourceTree = "<group>"; };
		3463FF641ED18A2D003D7F2C /* BrouhahaMetal.metallib */ = {isa = PBXFileReference; explicitFileType = "archive.metal-library"; fileEncoding = 4; includeInIndex = 0; path = BrouhahaMetal.metallib; sourceTree = BUILT_PRODUCTS_DIR; };
		3463FF801ED1AD0A003D7F2C /* BrouMatrixMultiplyFloat32.metal */ = {isa = PBXFileReference; fileEncoding = 4; lastKnownFileType = sourcecode.metal; path = BrouMatrixMultiplyFloat32.metal; sourceTree = "<group>"; };
		348102921F42EEAE00E24DF1 /* BrouMatrixMultiply.metal */ = {isa = PBXFileReference; lastKnownFileType = sourcecode.metal; path = BrouMatrixMultiply.metal; sourceTree = "<group>"; };
		348102931F42F1B700E24DF1 /* BrouConvolutionMM.metal */ = {isa = PBXFileReference; lastKnownFileType = sourcecode.metal; path = BrouConvolutionMM.metal; sourceTree = "<group>"; };
		348B4C0C1F24DF1800F674A1 /* BrouStruct.metal */ = {isa = PBXFileReference; lastKnownFileType = sourcecode.metal; path = BrouStruct.metal; sourceTree = "<group>"; };
		3498F08F1F4812B9006DF7D1 /* BrouTransposedConvolution.metal */ = {isa = PBXFileReference; lastKnownFileType = sourcecode.metal; path = BrouTransposedConvolution.metal; sourceTree = "<group>"; };
		3498F0901F481446006DF7D1 /* BrouDilatedConvolution.metal */ = {isa = PBXFileReference; lastKnownFileType = sourcecode.metal; path = BrouDilatedConvolution.metal; sourceTree = "<group>"; };
		3498F0911F4820FE006DF7D1 /* BrouFullconnect.metal */ = {isa = PBXFileReference; lastKnownFileType = sourcecode.metal; path = BrouFullconnect.metal; sourceTree = "<group>"; };
		3498F0931F482710006DF7D1 /* BrouAveragePooling.metal */ = {isa = PBXFileReference; lastKnownFileType = sourcecode.metal; path = BrouAveragePooling.metal; sourceTree = "<group>"; };
		3498F0941F482B13006DF7D1 /* BrouLinear.metal */ = {isa = PBXFileReference; lastKnownFileType = sourcecode.metal; path = BrouLinear.metal; sourceTree = "<group>"; };
		3498F0951F482D74006DF7D1 /* BrouReLu.metal */ = {isa = PBXFileReference; lastKnownFileType = sourcecode.metal; path = BrouReLu.metal; sourceTree = "<group>"; };
		3498F0961F482E91006DF7D1 /* BrouPReLu.metal */ = {isa = PBXFileReference; lastKnownFileType = sourcecode.metal; path = BrouPReLu.metal; sourceTree = "<group>"; };
		3498F0971F486B2C006DF7D1 /* BrouConvert.metal */ = {isa = PBXFileReference; lastKnownFileType = sourcecode.metal; path = BrouConvert.metal; sourceTree = "<group>"; };
		3498F0981F487ABC006DF7D1 /* BrouBatchNormalization.metal */ = {isa = PBXFileReference; lastKnownFileType = sourcecode.metal; path = BrouBatchNormalization.metal; sourceTree = "<group>"; };
		34D2480F1F419EA700B64BFF /* BrouMacro.metal */ = {isa = PBXFileReference; lastKnownFileType = sourcecode.metal; path = BrouMacro.metal; sourceTree = "<group>"; };
		34D248111F41AA5800B64BFF /* BrouTanH.metal */ = {isa = PBXFileReference; lastKnownFileType = sourcecode.metal; path = BrouTanH.metal; sourceTree = "<group>"; };
		34D248131F41AA6D00B64BFF /* BrouGenerate.metal */ = {isa = PBXFileReference; lastKnownFileType = sourcecode.metal; path = BrouGenerate.metal; sourceTree = "<group>"; };
		34D248151F41C7B700B64BFF /* BrouAdd.metal */ = {isa = PBXFileReference; lastKnownFileType = sourcecode.metal; path = BrouAdd.metal; sourceTree = "<group>"; };
		34D248161F41D16500B64BFF /* BrouMaxPooling.metal */ = {isa = PBXFileReference; lastKnownFileType = sourcecode.metal; path = BrouMaxPooling.metal; sourceTree = "<group>"; };
		34DB84601F544C2F00F0ADDB /* BrouAddBias.metal */ = {isa = PBXFileReference; lastKnownFileType = sourcecode.metal; path = BrouAddBias.metal; sourceTree = "<group>"; };
/* End PBXFileReference section */

/* Begin PBXGroup section */
		3463FF5D1ED18A2D003D7F2C = {
			isa = PBXGroup;
			children = (
				3463FF661ED18A2D003D7F2C /* BrouhahaMetal */,
				3463FF651ED18A2D003D7F2C /* Products */,
			);
			sourceTree = "<group>";
		};
		3463FF651ED18A2D003D7F2C /* Products */ = {
			isa = PBXGroup;
			children = (
				3463FF641ED18A2D003D7F2C /* BrouhahaMetal.metallib */,
			);
			name = Products;
			sourceTree = "<group>";
		};
		3463FF661ED18A2D003D7F2C /* BrouhahaMetal */ = {
			isa = PBXGroup;
			children = (
				348B4C0C1F24DF1800F674A1 /* BrouStruct.metal */,
				34D2480F1F419EA700B64BFF /* BrouMacro.metal */,
				341CF76E1F46E5D50010F9F9 /* BrouConvolution.metal */,
				348102931F42F1B700E24DF1 /* BrouConvolutionMM.metal */,
				3498F08F1F4812B9006DF7D1 /* BrouTransposedConvolution.metal */,
				341CF7401F46BED00010F9F9 /* BrouTransposedConvolutionMM.metal */,
				3498F0901F481446006DF7D1 /* BrouDilatedConvolution.metal */,
				341CF7411F46C8E40010F9F9 /* BrouDilatedConvolutionMM.metal */,
				348102921F42EEAE00E24DF1 /* BrouMatrixMultiply.metal */,
				3498F0911F4820FE006DF7D1 /* BrouFullconnect.metal */,
				34D248111F41AA5800B64BFF /* BrouTanH.metal */,
				34D248151F41C7B700B64BFF /* BrouAdd.metal */,
				34DB84601F544C2F00F0ADDB /* BrouAddBias.metal */,
				34D248161F41D16500B64BFF /* BrouMaxPooling.metal */,
				3498F0931F482710006DF7D1 /* BrouAveragePooling.metal */,
				3498F0941F482B13006DF7D1 /* BrouLinear.metal */,
				3498F0951F482D74006DF7D1 /* BrouReLu.metal */,
				3498F0961F482E91006DF7D1 /* BrouPReLu.metal */,
				3498F0981F487ABC006DF7D1 /* BrouBatchNormalization.metal */,
				3498F0971F486B2C006DF7D1 /* BrouConvert.metal */,
				34D248131F41AA6D00B64BFF /* BrouGenerate.metal */,
				3463FF801ED1AD0A003D7F2C /* BrouMatrixMultiplyFloat32.metal */,
			);
			path = BrouhahaMetal;
			sourceTree = "<group>";
		};
/* End PBXGroup section */

/* Begin PBXNativeTarget section */
		3463FF631ED18A2D003D7F2C /* BrouhahaMetal */ = {
			isa = PBXNativeTarget;
			buildConfigurationList = 3463FF6B1ED18A2D003D7F2C /* Build configuration list for PBXNativeTarget "BrouhahaMetal" */;
			buildPhases = (
				3463FF621ED18A2D003D7F2C /* Sources */,
			);
			buildRules = (
			);
			dependencies = (
			);
			name = BrouhahaMetal;
			productName = BrouhahaMetal;
			productReference = 3463FF641ED18A2D003D7F2C /* BrouhahaMetal.metallib */;
			productType = "com.apple.product-type.metal-library";
		};
/* End PBXNativeTarget section */

/* Begin PBXProject section */
		3463FF5E1ED18A2D003D7F2C /* Project object */ = {
			isa = PBXProject;
			attributes = {
				LastUpgradeCheck = 0830;
				ORGANIZATIONNAME = yanyuanchi;
				TargetAttributes = {
					3463FF631ED18A2D003D7F2C = {
						CreatedOnToolsVersion = 8.3.2;
						DevelopmentTeam = V7F846A4L3;
						ProvisioningStyle = Automatic;
					};
				};
			};
			buildConfigurationList = 3463FF611ED18A2D003D7F2C /* Build configuration list for PBXProject "BrouhahaMetal" */;
			compatibilityVersion = "Xcode 3.2";
			developmentRegion = English;
			hasScannedForEncodings = 0;
			knownRegions = (
				en,
			);
			mainGroup = 3463FF5D1ED18A2D003D7F2C;
			productRefGroup = 3463FF651ED18A2D003D7F2C /* Products */;
			projectDirPath = "";
			projectRoot = "";
			targets = (
				3463FF631ED18A2D003D7F2C /* BrouhahaMetal */,
			);
		};
/* End PBXProject section */

/* Begin PBXSourcesBuildPhase section */
		3463FF621ED18A2D003D7F2C /* Sources */ = {
			isa = PBXSourcesBuildPhase;
			buildActionMask = 2147483647;
			files = (
				34D248141F41AA6D00B64BFF /* BrouGenerate.metal in Sources */,
			);
			runOnlyForDeploymentPostprocessing = 0;
		};
/* End PBXSourcesBuildPhase section */

/* Begin XCBuildConfiguration section */
		3463FF691ED18A2D003D7F2C /* Debug */ = {
			isa = XCBuildConfiguration;
			buildSettings = {
				IPHONEOS_DEPLOYMENT_TARGET = 8.0;
				MTL_ENABLE_DEBUG_INFO = YES;
				ONLY_ACTIVE_ARCH = YES;
				SDKROOT = iphoneos;
			};
			name = Debug;
		};
		3463FF6A1ED18A2D003D7F2C /* Release */ = {
			isa = XCBuildConfiguration;
			buildSettings = {
				IPHONEOS_DEPLOYMENT_TARGET = 8.0;
				MTL_ENABLE_DEBUG_INFO = NO;
				SDKROOT = iphoneos;
			};
			name = Release;
		};
		3463FF6C1ED18A2D003D7F2C /* Debug */ = {
			isa = XCBuildConfiguration;
			buildSettings = {
				DEVELOPMENT_TEAM = V7F846A4L3;
				MTL_LANGUAGE_REVISION = Metal12;
				PRODUCT_NAME = "$(TARGET_NAME)";
			};
			name = Debug;
		};
		3463FF6D1ED18A2D003D7F2C /* Release */ = {
			isa = XCBuildConfiguration;
			buildSettings = {
				DEVELOPMENT_TEAM = V7F846A4L3;
				MTL_LANGUAGE_REVISION = Metal12;
				PRODUCT_NAME = "$(TARGET_NAME)";
			};
			name = Release;
		};
/* End XCBuildConfiguration section */

/* Begin XCConfigurationList section */
		3463FF611ED18A2D003D7F2C /* Build configuration list for PBXProject "BrouhahaMetal" */ = {
			isa = XCConfigurationList;
			buildConfigurations = (
				3463FF691ED18A2D003D7F2C /* Debug */,
				3463FF6A1ED18A2D003D7F2C /* Release */,
			);
			defaultConfigurationIsVisible = 0;
			defaultConfigurationName = Release;
		};
		3463FF6B1ED18A2D003D7F2C /* Build configuration list for PBXNativeTarget "BrouhahaMetal" */ = {
			isa = XCConfigurationList;
			buildConfigurations = (
				3463FF6C1ED18A2D003D7F2C /* Debug */,
				3463FF6D1ED18A2D003D7F2C /* Release */,
			);
			defaultConfigurationIsVisible = 0;
			defaultConfigurationName = Release;
		};
/* End XCConfigurationList section */
	};
	rootObject = 3463FF5E1ED18A2D003D7F2C /* Project object */;
}
