// !$*UTF8*$!
{
	archiveVersion = 1;
	classes = {
	};
	objectVersion = 46;
	objects = {

/* Begin PBXBuildFile section */
		340313A61EC2ACC400E3BB28 /* main.m in Sources */ = {isa = PBXBuildFile; fileRef = 340313A51EC2ACC400E3BB28 /* main.m */; };
		340313A91EC2ACC400E3BB28 /* AppDelegate.m in Sources */ = {isa = PBXBuildFile; fileRef = 340313A81EC2ACC400E3BB28 /* AppDelegate.m */; };
		340313AC1EC2ACC400E3BB28 /* ViewController.m in Sources */ = {isa = PBXBuildFile; fileRef = 340313AB1EC2ACC400E3BB28 /* ViewController.m */; };
		340313AF1EC2ACC400E3BB28 /* Main.storyboard in Resources */ = {isa = PBXBuildFile; fileRef = 340313AD1EC2ACC400E3BB28 /* Main.storyboard */; };
		340313B11EC2ACC400E3BB28 /* Assets.xcassets in Resources */ = {isa = PBXBuildFile; fileRef = 340313B01EC2ACC400E3BB28 /* Assets.xcassets */; };
		340313B41EC2ACC400E3BB28 /* LaunchScreen.storyboard in Resources */ = {isa = PBXBuildFile; fileRef = 340313B21EC2ACC400E3BB28 /* LaunchScreen.storyboard */; };
		342A35961F2C955C00E9FDC0 /* zgr1.jpg in Resources */ = {isa = PBXBuildFile; fileRef = 342A35941F2C955000E9FDC0 /* zgr1.jpg */; };
		345235221EF6A19A00F6AD53 /* b2 in Resources */ = {isa = PBXBuildFile; fileRef = 3452351A1EF6A19900F6AD53 /* b2 */; };
		345235231EF6A19A00F6AD53 /* w3 in Resources */ = {isa = PBXBuildFile; fileRef = 3452351B1EF6A19900F6AD53 /* w3 */; };
		345235241EF6A19A00F6AD53 /* w0 in Resources */ = {isa = PBXBuildFile; fileRef = 3452351C1EF6A19900F6AD53 /* w0 */; };
		345235251EF6A19A00F6AD53 /* b1 in Resources */ = {isa = PBXBuildFile; fileRef = 3452351D1EF6A19900F6AD53 /* b1 */; };
		345235261EF6A19A00F6AD53 /* b0 in Resources */ = {isa = PBXBuildFile; fileRef = 3452351E1EF6A19900F6AD53 /* b0 */; };
		345235271EF6A19A00F6AD53 /* w2 in Resources */ = {isa = PBXBuildFile; fileRef = 3452351F1EF6A19900F6AD53 /* w2 */; };
		345235281EF6A19A00F6AD53 /* b3 in Resources */ = {isa = PBXBuildFile; fileRef = 345235201EF6A19900F6AD53 /* b3 */; };
		345235291EF6A19A00F6AD53 /* w1 in Resources */ = {isa = PBXBuildFile; fileRef = 345235211EF6A19A00F6AD53 /* w1 */; };
		3463FF7D1ED18C2D003D7F2C /* libBrouhaha.a in Frameworks */ = {isa = PBXBuildFile; fileRef = 3463FF7C1ED18C2D003D7F2C /* libBrouhaha.a */; };
		348B4BA71F24A22B00F674A1 /* BrouResidualLayer.m in Sources */ = {isa = PBXBuildFile; fileRef = 348B4BA61F24A22B00F674A1 /* BrouResidualLayer.m */; };
		348B4BD91F24BA8100F674A1 /* conv1_alpha in Resources */ = {isa = PBXBuildFile; fileRef = 348B4BA91F24BA7300F674A1 /* conv1_alpha */; };
		348B4BDA1F24BA8100F674A1 /* conv1_beta in Resources */ = {isa = PBXBuildFile; fileRef = 348B4BAA1F24BA7300F674A1 /* conv1_beta */; };
		348B4BDB1F24BA8100F674A1 /* conv1_weight in Resources */ = {isa = PBXBuildFile; fileRef = 348B4BAB1F24BA7300F674A1 /* conv1_weight */; };
		348B4BDC1F24BA8100F674A1 /* conv2_alpha in Resources */ = {isa = PBXBuildFile; fileRef = 348B4BAC1F24BA7300F674A1 /* conv2_alpha */; };
		348B4BDD1F24BA8100F674A1 /* conv2_beta in Resources */ = {isa = PBXBuildFile; fileRef = 348B4BAD1F24BA7300F674A1 /* conv2_beta */; };
		348B4BDE1F24BA8100F674A1 /* conv2_weight in Resources */ = {isa = PBXBuildFile; fileRef = 348B4BAE1F24BA7300F674A1 /* conv2_weight */; };
		348B4BDF1F24BA8100F674A1 /* conv3_alpha in Resources */ = {isa = PBXBuildFile; fileRef = 348B4BAF1F24BA7300F674A1 /* conv3_alpha */; };
		348B4BE01F24BA8100F674A1 /* conv3_beta in Resources */ = {isa = PBXBuildFile; fileRef = 348B4BB01F24BA7300F674A1 /* conv3_beta */; };
		348B4BE11F24BA8100F674A1 /* conv3_weight in Resources */ = {isa = PBXBuildFile; fileRef = 348B4BB11F24BA7300F674A1 /* conv3_weight */; };
		348B4BE21F24BA8100F674A1 /* conv4_alpha in Resources */ = {isa = PBXBuildFile; fileRef = 348B4BB21F24BA7300F674A1 /* conv4_alpha */; };
		348B4BE31F24BA8100F674A1 /* conv4_beta in Resources */ = {isa = PBXBuildFile; fileRef = 348B4BB31F24BA7300F674A1 /* conv4_beta */; };
		348B4BE41F24BA8100F674A1 /* conv4_weight in Resources */ = {isa = PBXBuildFile; fileRef = 348B4BB41F24BA7300F674A1 /* conv4_weight */; };
		348B4BE51F24BA8100F674A1 /* res1_conv1_alpha in Resources */ = {isa = PBXBuildFile; fileRef = 348B4BB51F24BA7300F674A1 /* res1_conv1_alpha */; };
		348B4BE61F24BA8100F674A1 /* res1_conv1_beta in Resources */ = {isa = PBXBuildFile; fileRef = 348B4BB61F24BA7300F674A1 /* res1_conv1_beta */; };
		348B4BE71F24BA8100F674A1 /* res1_conv1_weight in Resources */ = {isa = PBXBuildFile; fileRef = 348B4BB71F24BA7300F674A1 /* res1_conv1_weight */; };
		348B4BE81F24BA8100F674A1 /* res1_conv2_alpha in Resources */ = {isa = PBXBuildFile; fileRef = 348B4BB81F24BA7300F674A1 /* res1_conv2_alpha */; };
		348B4BE91F24BA8100F674A1 /* res1_conv2_beta in Resources */ = {isa = PBXBuildFile; fileRef = 348B4BB91F24BA7300F674A1 /* res1_conv2_beta */; };
		348B4BEA1F24BA8100F674A1 /* res1_conv2_weight in Resources */ = {isa = PBXBuildFile; fileRef = 348B4BBA1F24BA7300F674A1 /* res1_conv2_weight */; };
		348B4BEB1F24BA8100F674A1 /* res2_conv1_alpha in Resources */ = {isa = PBXBuildFile; fileRef = 348B4BBB1F24BA7300F674A1 /* res2_conv1_alpha */; };
		348B4BEC1F24BA8100F674A1 /* res2_conv1_beta in Resources */ = {isa = PBXBuildFile; fileRef = 348B4BBC1F24BA7300F674A1 /* res2_conv1_beta */; };
		348B4BED1F24BA8100F674A1 /* res2_conv1_weight in Resources */ = {isa = PBXBuildFile; fileRef = 348B4BBD1F24BA7300F674A1 /* res2_conv1_weight */; };
		348B4BEE1F24BA8100F674A1 /* res2_conv2_alpha in Resources */ = {isa = PBXBuildFile; fileRef = 348B4BBE1F24BA7300F674A1 /* res2_conv2_alpha */; };
		348B4BEF1F24BA8100F674A1 /* res2_conv2_beta in Resources */ = {isa = PBXBuildFile; fileRef = 348B4BBF1F24BA7300F674A1 /* res2_conv2_beta */; };
		348B4BF01F24BA8100F674A1 /* res2_conv2_weight in Resources */ = {isa = PBXBuildFile; fileRef = 348B4BC01F24BA7300F674A1 /* res2_conv2_weight */; };
		348B4BF11F24BA8100F674A1 /* res3_conv1_alpha in Resources */ = {isa = PBXBuildFile; fileRef = 348B4BC11F24BA7300F674A1 /* res3_conv1_alpha */; };
		348B4BF21F24BA8100F674A1 /* res3_conv1_beta in Resources */ = {isa = PBXBuildFile; fileRef = 348B4BC21F24BA7300F674A1 /* res3_conv1_beta */; };
		348B4BF31F24BA8100F674A1 /* res3_conv1_weight in Resources */ = {isa = PBXBuildFile; fileRef = 348B4BC31F24BA7300F674A1 /* res3_conv1_weight */; };
		348B4BF41F24BA8100F674A1 /* res3_conv2_alpha in Resources */ = {isa = PBXBuildFile; fileRef = 348B4BC41F24BA7300F674A1 /* res3_conv2_alpha */; };
		348B4BF51F24BA8100F674A1 /* res3_conv2_beta in Resources */ = {isa = PBXBuildFile; fileRef = 348B4BC51F24BA7300F674A1 /* res3_conv2_beta */; };
		348B4BF61F24BA8100F674A1 /* res3_conv2_weight in Resources */ = {isa = PBXBuildFile; fileRef = 348B4BC61F24BA7300F674A1 /* res3_conv2_weight */; };
		348B4BF71F24BA8100F674A1 /* res4_conv1_alpha in Resources */ = {isa = PBXBuildFile; fileRef = 348B4BC71F24BA7300F674A1 /* res4_conv1_alpha */; };
		348B4BF81F24BA8100F674A1 /* res4_conv1_beta in Resources */ = {isa = PBXBuildFile; fileRef = 348B4BC81F24BA7300F674A1 /* res4_conv1_beta */; };
		348B4BF91F24BA8100F674A1 /* res4_conv1_weight in Resources */ = {isa = PBXBuildFile; fileRef = 348B4BC91F24BA7300F674A1 /* res4_conv1_weight */; };
		348B4BFA1F24BA8100F674A1 /* res4_conv2_alpha in Resources */ = {isa = PBXBuildFile; fileRef = 348B4BCA1F24BA7300F674A1 /* res4_conv2_alpha */; };
		348B4BFB1F24BA8100F674A1 /* res4_conv2_beta in Resources */ = {isa = PBXBuildFile; fileRef = 348B4BCB1F24BA7300F674A1 /* res4_conv2_beta */; };
		348B4BFC1F24BA8100F674A1 /* res4_conv2_weight in Resources */ = {isa = PBXBuildFile; fileRef = 348B4BCC1F24BA7300F674A1 /* res4_conv2_weight */; };
		348B4BFD1F24BA8100F674A1 /* res5_conv1_alpha in Resources */ = {isa = PBXBuildFile; fileRef = 348B4BCD1F24BA7300F674A1 /* res5_conv1_alpha */; };
		348B4BFE1F24BA8100F674A1 /* res5_conv1_beta in Resources */ = {isa = PBXBuildFile; fileRef = 348B4BCE1F24BA7300F674A1 /* res5_conv1_beta */; };
		348B4BFF1F24BA8100F674A1 /* res5_conv1_weight in Resources */ = {isa = PBXBuildFile; fileRef = 348B4BCF1F24BA7300F674A1 /* res5_conv1_weight */; };
		348B4C001F24BA8100F674A1 /* res5_conv2_alpha in Resources */ = {isa = PBXBuildFile; fileRef = 348B4BD01F24BA7300F674A1 /* res5_conv2_alpha */; };
		348B4C011F24BA8100F674A1 /* res5_conv2_beta in Resources */ = {isa = PBXBuildFile; fileRef = 348B4BD11F24BA7300F674A1 /* res5_conv2_beta */; };
		348B4C021F24BA8100F674A1 /* res5_conv2_weight in Resources */ = {isa = PBXBuildFile; fileRef = 348B4BD21F24BA7300F674A1 /* res5_conv2_weight */; };
		348B4C031F24BA8100F674A1 /* transpose_conv1_alpha in Resources */ = {isa = PBXBuildFile; fileRef = 348B4BD31F24BA7300F674A1 /* transpose_conv1_alpha */; };
		348B4C041F24BA8100F674A1 /* transpose_conv1_beta in Resources */ = {isa = PBXBuildFile; fileRef = 348B4BD41F24BA7300F674A1 /* transpose_conv1_beta */; };
		348B4C051F24BA8100F674A1 /* transpose_conv1_weight in Resources */ = {isa = PBXBuildFile; fileRef = 348B4BD51F24BA7300F674A1 /* transpose_conv1_weight */; };
		348B4C061F24BA8100F674A1 /* transpose_conv2_alpha in Resources */ = {isa = PBXBuildFile; fileRef = 348B4BD61F24BA7300F674A1 /* transpose_conv2_alpha */; };
		348B4C071F24BA8100F674A1 /* transpose_conv2_beta in Resources */ = {isa = PBXBuildFile; fileRef = 348B4BD71F24BA7300F674A1 /* transpose_conv2_beta */; };
		348B4C081F24BA8100F674A1 /* transpose_conv2_weight in Resources */ = {isa = PBXBuildFile; fileRef = 348B4BD81F24BA7300F674A1 /* transpose_conv2_weight */; };
		348B4C0B1F24BAA900F674A1 /* ArtTransformViewController.m in Sources */ = {isa = PBXBuildFile; fileRef = 348B4C0A1F24BAA900F674A1 /* ArtTransformViewController.m */; };
		3492843B1F21058F000B7921 /* BrouhahaMetal.metallib in Resources */ = {isa = PBXBuildFile; fileRef = 3492843A1F210586000B7921 /* BrouhahaMetal.metallib */; };
		34D21CDF1EFF559B00109A5E /* MPSLeNetViewController.m in Sources */ = {isa = PBXBuildFile; fileRef = 34D21CDE1EFF559B00109A5E /* MPSLeNetViewController.m */; };
		34E32BF81EF65955000DC105 /* LeNetViewController.m in Sources */ = {isa = PBXBuildFile; fileRef = 34E32BF71EF65954000DC105 /* LeNetViewController.m */; };
		34E37F8F1F3FEF7D00A0F824 /* BrouDemoViewController.m in Sources */ = {isa = PBXBuildFile; fileRef = 34E37F8E1F3FEF7D00A0F824 /* BrouDemoViewController.m */; };
		34E37F921F3FFAC500A0F824 /* PaintView.m in Sources */ = {isa = PBXBuildFile; fileRef = 34E37F911F3FFAC500A0F824 /* PaintView.m */; };
		34F776BE1EFD182D00327943 /* testX100 in Resources */ = {isa = PBXBuildFile; fileRef = 34F776BC1EFD182200327943 /* testX100 */; };
		34F776BF1EFD182D00327943 /* testY100 in Resources */ = {isa = PBXBuildFile; fileRef = 34F776BD1EFD182200327943 /* testY100 */; };
/* End PBXBuildFile section */

/* Begin PBXFileReference section */
		340313A11EC2ACC400E3BB28 /* Brouhaha-Demo.app */ = {isa = PBXFileReference; explicitFileType = wrapper.application; includeInIndex = 0; path = "Brouhaha-Demo.app"; sourceTree = BUILT_PRODUCTS_DIR; };
		340313A51EC2ACC400E3BB28 /* main.m */ = {isa = PBXFileReference; lastKnownFileType = sourcecode.c.objc; path = main.m; sourceTree = "<group>"; };
		340313A71EC2ACC400E3BB28 /* AppDelegate.h */ = {isa = PBXFileReference; lastKnownFileType = sourcecode.c.h; path = AppDelegate.h; sourceTree = "<group>"; };
		340313A81EC2ACC400E3BB28 /* AppDelegate.m */ = {isa = PBXFileReference; lastKnownFileType = sourcecode.c.objc; path = AppDelegate.m; sourceTree = "<group>"; };
		340313AA1EC2ACC400E3BB28 /* ViewController.h */ = {isa = PBXFileReference; lastKnownFileType = sourcecode.c.h; path = ViewController.h; sourceTree = "<group>"; };
		340313AB1EC2ACC400E3BB28 /* ViewController.m */ = {isa = PBXFileReference; lastKnownFileType = sourcecode.c.objc; path = ViewController.m; sourceTree = "<group>"; };
		340313AE1EC2ACC400E3BB28 /* Base */ = {isa = PBXFileReference; lastKnownFileType = file.storyboard; name = Base; path = Base.lproj/Main.storyboard; sourceTree = "<group>"; };
		340313B01EC2ACC400E3BB28 /* Assets.xcassets */ = {isa = PBXFileReference; lastKnownFileType = folder.assetcatalog; path = Assets.xcassets; sourceTree = "<group>"; };
		340313B31EC2ACC400E3BB28 /* Base */ = {isa = PBXFileReference; lastKnownFileType = file.storyboard; name = Base; path = Base.lproj/LaunchScreen.storyboard; sourceTree = "<group>"; };
		340313B51EC2ACC400E3BB28 /* Info.plist */ = {isa = PBXFileReference; lastKnownFileType = text.plist.xml; path = Info.plist; sourceTree = "<group>"; };
		342A35941F2C955000E9FDC0 /* zgr1.jpg */ = {isa = PBXFileReference; lastKnownFileType = image.jpeg; path = zgr1.jpg; sourceTree = "<group>"; };
		3452351A1EF6A19900F6AD53 /* b2 */ = {isa = PBXFileReference; lastKnownFileType = file; path = b2; sourceTree = "<group>"; };
		3452351B1EF6A19900F6AD53 /* w3 */ = {isa = PBXFileReference; lastKnownFileType = file; path = w3; sourceTree = "<group>"; };
		3452351C1EF6A19900F6AD53 /* w0 */ = {isa = PBXFileReference; lastKnownFileType = file; path = w0; sourceTree = "<group>"; };
		3452351D1EF6A19900F6AD53 /* b1 */ = {isa = PBXFileReference; fileEncoding = 4; lastKnownFileType = text; path = b1; sourceTree = "<group>"; };
		3452351E1EF6A19900F6AD53 /* b0 */ = {isa = PBXFileReference; lastKnownFileType = file; path = b0; sourceTree = "<group>"; };
		3452351F1EF6A19900F6AD53 /* w2 */ = {isa = PBXFileReference; lastKnownFileType = file; path = w2; sourceTree = "<group>"; };
		345235201EF6A19900F6AD53 /* b3 */ = {isa = PBXFileReference; lastKnownFileType = file; path = b3; sourceTree = "<group>"; };
		345235211EF6A19A00F6AD53 /* w1 */ = {isa = PBXFileReference; lastKnownFileType = file; path = w1; sourceTree = "<group>"; };
		3463FF7C1ED18C2D003D7F2C /* libBrouhaha.a */ = {isa = PBXFileReference; lastKnownFileType = archive.ar; name = libBrouhaha.a; path = "../Brouhaha/build/Release-iphoneos/libBrouhaha.a"; sourceTree = "<group>"; };
		348B4BA51F24A22B00F674A1 /* BrouResidualLayer.h */ = {isa = PBXFileReference; lastKnownFileType = sourcecode.c.h; path = BrouResidualLayer.h; sourceTree = "<group>"; };
		348B4BA61F24A22B00F674A1 /* BrouResidualLayer.m */ = {isa = PBXFileReference; lastKnownFileType = sourcecode.c.objc; path = BrouResidualLayer.m; sourceTree = "<group>"; };
		348B4BA91F24BA7300F674A1 /* conv1_alpha */ = {isa = PBXFileReference; lastKnownFileType = text; path = conv1_alpha; sourceTree = "<group>"; };
		348B4BAA1F24BA7300F674A1 /* conv1_beta */ = {isa = PBXFileReference; lastKnownFileType = text; path = conv1_beta; sourceTree = "<group>"; };
		348B4BAB1F24BA7300F674A1 /* conv1_weight */ = {isa = PBXFileReference; lastKnownFileType = file; path = conv1_weight; sourceTree = "<group>"; };
		348B4BAC1F24BA7300F674A1 /* conv2_alpha */ = {isa = PBXFileReference; lastKnownFileType = text; path = conv2_alpha; sourceTree = "<group>"; };
		348B4BAD1F24BA7300F674A1 /* conv2_beta */ = {isa = PBXFileReference; lastKnownFileType = text; path = conv2_beta; sourceTree = "<group>"; };
		348B4BAE1F24BA7300F674A1 /* conv2_weight */ = {isa = PBXFileReference; lastKnownFileType = file; path = conv2_weight; sourceTree = "<group>"; };
		348B4BAF1F24BA7300F674A1 /* conv3_alpha */ = {isa = PBXFileReference; lastKnownFileType = file; path = conv3_alpha; sourceTree = "<group>"; };
		348B4BB01F24BA7300F674A1 /* conv3_beta */ = {isa = PBXFileReference; lastKnownFileType = file; path = conv3_beta; sourceTree = "<group>"; };
		348B4BB11F24BA7300F674A1 /* conv3_weight */ = {isa = PBXFileReference; lastKnownFileType = file; path = conv3_weight; sourceTree = "<group>"; };
		348B4BB21F24BA7300F674A1 /* conv4_alpha */ = {isa = PBXFileReference; lastKnownFileType = text; path = conv4_alpha; sourceTree = "<group>"; };
		348B4BB31F24BA7300F674A1 /* conv4_beta */ = {isa = PBXFileReference; lastKnownFileType = text; path = conv4_beta; sourceTree = "<group>"; };
		348B4BB41F24BA7300F674A1 /* conv4_weight */ = {isa = PBXFileReference; lastKnownFileType = file; path = conv4_weight; sourceTree = "<group>"; };
		348B4BB51F24BA7300F674A1 /* res1_conv1_alpha */ = {isa = PBXFileReference; lastKnownFileType = file; path = res1_conv1_alpha; sourceTree = "<group>"; };
		348B4BB61F24BA7300F674A1 /* res1_conv1_beta */ = {isa = PBXFileReference; lastKnownFileType = file; path = res1_conv1_beta; sourceTree = "<group>"; };
		348B4BB71F24BA7300F674A1 /* res1_conv1_weight */ = {isa = PBXFileReference; lastKnownFileType = file; path = res1_conv1_weight; sourceTree = "<group>"; };
		348B4BB81F24BA7300F674A1 /* res1_conv2_alpha */ = {isa = PBXFileReference; lastKnownFileType = file; path = res1_conv2_alpha; sourceTree = "<group>"; };
		348B4BB91F24BA7300F674A1 /* res1_conv2_beta */ = {isa = PBXFileReference; lastKnownFileType = text; path = res1_conv2_beta; sourceTree = "<group>"; };
		348B4BBA1F24BA7300F674A1 /* res1_conv2_weight */ = {isa = PBXFileReference; lastKnownFileType = file; path = res1_conv2_weight; sourceTree = "<group>"; };
		348B4BBB1F24BA7300F674A1 /* res2_conv1_alpha */ = {isa = PBXFileReference; lastKnownFileType = text; path = res2_conv1_alpha; sourceTree = "<group>"; };
		348B4BBC1F24BA7300F674A1 /* res2_conv1_beta */ = {isa = PBXFileReference; lastKnownFileType = file; path = res2_conv1_beta; sourceTree = "<group>"; };
		348B4BBD1F24BA7300F674A1 /* res2_conv1_weight */ = {isa = PBXFileReference; lastKnownFileType = file; path = res2_conv1_weight; sourceTree = "<group>"; };
		348B4BBE1F24BA7300F674A1 /* res2_conv2_alpha */ = {isa = PBXFileReference; lastKnownFileType = file; path = res2_conv2_alpha; sourceTree = "<group>"; };
		348B4BBF1F24BA7300F674A1 /* res2_conv2_beta */ = {isa = PBXFileReference; lastKnownFileType = text; path = res2_conv2_beta; sourceTree = "<group>"; };
		348B4BC01F24BA7300F674A1 /* res2_conv2_weight */ = {isa = PBXFileReference; lastKnownFileType = file; path = res2_conv2_weight; sourceTree = "<group>"; };
		348B4BC11F24BA7300F674A1 /* res3_conv1_alpha */ = {isa = PBXFileReference; lastKnownFileType = text; path = res3_conv1_alpha; sourceTree = "<group>"; };
		348B4BC21F24BA7300F674A1 /* res3_conv1_beta */ = {isa = PBXFileReference; lastKnownFileType = file; path = res3_conv1_beta; sourceTree = "<group>"; };
		348B4BC31F24BA7300F674A1 /* res3_conv1_weight */ = {isa = PBXFileReference; lastKnownFileType = file; path = res3_conv1_weight; sourceTree = "<group>"; };
		348B4BC41F24BA7300F674A1 /* res3_conv2_alpha */ = {isa = PBXFileReference; lastKnownFileType = file; path = res3_conv2_alpha; sourceTree = "<group>"; };
		348B4BC51F24BA7300F674A1 /* res3_conv2_beta */ = {isa = PBXFileReference; lastKnownFileType = file; path = res3_conv2_beta; sourceTree = "<group>"; };
		348B4BC61F24BA7300F674A1 /* res3_conv2_weight */ = {isa = PBXFileReference; lastKnownFileType = file; path = res3_conv2_weight; sourceTree = "<group>"; };
		348B4BC71F24BA7300F674A1 /* res4_conv1_alpha */ = {isa = PBXFileReference; lastKnownFileType = text; path = res4_conv1_alpha; sourceTree = "<group>"; };
		348B4BC81F24BA7300F674A1 /* res4_conv1_beta */ = {isa = PBXFileReference; lastKnownFileType = file; path = res4_conv1_beta; sourceTree = "<group>"; };
		348B4BC91F24BA7300F674A1 /* res4_conv1_weight */ = {isa = PBXFileReference; lastKnownFileType = file; path = res4_conv1_weight; sourceTree = "<group>"; };
		348B4BCA1F24BA7300F674A1 /* res4_conv2_alpha */ = {isa = PBXFileReference; lastKnownFileType = text; path = res4_conv2_alpha; sourceTree = "<group>"; };
		348B4BCB1F24BA7300F674A1 /* res4_conv2_beta */ = {isa = PBXFileReference; lastKnownFileType = file; path = res4_conv2_beta; sourceTree = "<group>"; };
		348B4BCC1F24BA7300F674A1 /* res4_conv2_weight */ = {isa = PBXFileReference; lastKnownFileType = file; path = res4_conv2_weight; sourceTree = "<group>"; };
		348B4BCD1F24BA7300F674A1 /* res5_conv1_alpha */ = {isa = PBXFileReference; lastKnownFileType = text; path = res5_conv1_alpha; sourceTree = "<group>"; };
		348B4BCE1F24BA7300F674A1 /* res5_conv1_beta */ = {isa = PBXFileReference; lastKnownFileType = file; path = res5_conv1_beta; sourceTree = "<group>"; };
		348B4BCF1F24BA7300F674A1 /* res5_conv1_weight */ = {isa = PBXFileReference; lastKnownFileType = file; path = res5_conv1_weight; sourceTree = "<group>"; };
		348B4BD01F24BA7300F674A1 /* res5_conv2_alpha */ = {isa = PBXFileReference; lastKnownFileType = file; path = res5_conv2_alpha; sourceTree = "<group>"; };
		348B4BD11F24BA7300F674A1 /* res5_conv2_beta */ = {isa = PBXFileReference; lastKnownFileType = text; path = res5_conv2_beta; sourceTree = "<group>"; };
		348B4BD21F24BA7300F674A1 /* res5_conv2_weight */ = {isa = PBXFileReference; lastKnownFileType = file; path = res5_conv2_weight; sourceTree = "<group>"; };
		348B4BD31F24BA7300F674A1 /* transpose_conv1_alpha */ = {isa = PBXFileReference; lastKnownFileType = text; path = transpose_conv1_alpha; sourceTree = "<group>"; };
		348B4BD41F24BA7300F674A1 /* transpose_conv1_beta */ = {isa = PBXFileReference; lastKnownFileType = text; path = transpose_conv1_beta; sourceTree = "<group>"; };
		348B4BD51F24BA7300F674A1 /* transpose_conv1_weight */ = {isa = PBXFileReference; lastKnownFileType = file; path = transpose_conv1_weight; sourceTree = "<group>"; };
		348B4BD61F24BA7300F674A1 /* transpose_conv2_alpha */ = {isa = PBXFileReference; lastKnownFileType = text; path = transpose_conv2_alpha; sourceTree = "<group>"; };
		348B4BD71F24BA7300F674A1 /* transpose_conv2_beta */ = {isa = PBXFileReference; lastKnownFileType = text; path = transpose_conv2_beta; sourceTree = "<group>"; };
		348B4BD81F24BA7300F674A1 /* transpose_conv2_weight */ = {isa = PBXFileReference; lastKnownFileType = file; path = transpose_conv2_weight; sourceTree = "<group>"; };
		348B4C091F24BAA900F674A1 /* ArtTransformViewController.h */ = {isa = PBXFileReference; lastKnownFileType = sourcecode.c.h; path = ArtTransformViewController.h; sourceTree = "<group>"; };
		348B4C0A1F24BAA900F674A1 /* ArtTransformViewController.m */ = {isa = PBXFileReference; lastKnownFileType = sourcecode.c.objc; path = ArtTransformViewController.m; sourceTree = "<group>"; };
		3492843A1F210586000B7921 /* BrouhahaMetal.metallib */ = {isa = PBXFileReference; lastKnownFileType = "archive.metal-library"; name = BrouhahaMetal.metallib; path = "../../Build/Products/Debug-iphoneos/BrouhahaMetal.metallib"; sourceTree = "<group>"; };
		34D21CDD1EFF559B00109A5E /* MPSLeNetViewController.h */ = {isa = PBXFileReference; lastKnownFileType = sourcecode.c.h; path = MPSLeNetViewController.h; sourceTree = "<group>"; };
		34D21CDE1EFF559B00109A5E /* MPSLeNetViewController.m */ = {isa = PBXFileReference; lastKnownFileType = sourcecode.c.objc; path = MPSLeNetViewController.m; sourceTree = "<group>"; };
		34E32BF61EF65954000DC105 /* LeNetViewController.h */ = {isa = PBXFileReference; lastKnownFileType = sourcecode.c.h; path = LeNetViewController.h; sourceTree = "<group>"; };
		34E32BF71EF65954000DC105 /* LeNetViewController.m */ = {isa = PBXFileReference; lastKnownFileType = sourcecode.c.objc; path = LeNetViewController.m; sourceTree = "<group>"; };
		34E37F8D1F3FEF7D00A0F824 /* BrouDemoViewController.h */ = {isa = PBXFileReference; lastKnownFileType = sourcecode.c.h; path = BrouDemoViewController.h; sourceTree = "<group>"; };
		34E37F8E1F3FEF7D00A0F824 /* BrouDemoViewController.m */ = {isa = PBXFileReference; lastKnownFileType = sourcecode.c.objc; path = BrouDemoViewController.m; sourceTree = "<group>"; };
		34E37F901F3FFAC500A0F824 /* PaintView.h */ = {isa = PBXFileReference; lastKnownFileType = sourcecode.c.h; path = PaintView.h; sourceTree = "<group>"; };
		34E37F911F3FFAC500A0F824 /* PaintView.m */ = {isa = PBXFileReference; lastKnownFileType = sourcecode.c.objc; path = PaintView.m; sourceTree = "<group>"; };
		34F776BC1EFD182200327943 /* testX100 */ = {isa = PBXFileReference; lastKnownFileType = file; path = testX100; sourceTree = "<group>"; };
		34F776BD1EFD182200327943 /* testY100 */ = {isa = PBXFileReference; lastKnownFileType = file; path = testY100; sourceTree = "<group>"; };
/* End PBXFileReference section */

/* Begin PBXFrameworksBuildPhase section */
		3403139E1EC2ACC400E3BB28 /* Frameworks */ = {
			isa = PBXFrameworksBuildPhase;
			buildActionMask = 2147483647;
			files = (
				3463FF7D1ED18C2D003D7F2C /* libBrouhaha.a in Frameworks */,
			);
			runOnlyForDeploymentPostprocessing = 0;
		};
/* End PBXFrameworksBuildPhase section */

/* Begin PBXGroup section */
		340313981EC2ACC400E3BB28 = {
			isa = PBXGroup;
			children = (
				340313A31EC2ACC400E3BB28 /* Brouhaha-Demo */,
				340313A21EC2ACC400E3BB28 /* Products */,
				34F865241ECC42CC00354C8D /* Frameworks */,
			);
			sourceTree = "<group>";
		};
		340313A21EC2ACC400E3BB28 /* Products */ = {
			isa = PBXGroup;
			children = (
				340313A11EC2ACC400E3BB28 /* Brouhaha-Demo.app */,
			);
			name = Products;
			sourceTree = "<group>";
		};
		340313A31EC2ACC400E3BB28 /* Brouhaha-Demo */ = {
			isa = PBXGroup;
			children = (
				3492843A1F210586000B7921 /* BrouhahaMetal.metallib */,
				34E37F8C1F3FEF5000A0F824 /* Test */,
				342A35921F2C955000E9FDC0 /* Images */,
				348B4BA41F24A20600F674A1 /* Art Transform */,
				3452352A1EF6A1A200F6AD53 /* LeNet */,
				340313A41EC2ACC400E3BB28 /* Supporting Files */,
				34E37F8D1F3FEF7D00A0F824 /* BrouDemoViewController.h */,
				34E37F8E1F3FEF7D00A0F824 /* BrouDemoViewController.m */,
			);
			path = "Brouhaha-Demo";
			sourceTree = "<group>";
		};
		340313A41EC2ACC400E3BB28 /* Supporting Files */ = {
			isa = PBXGroup;
			children = (
				340313A71EC2ACC400E3BB28 /* AppDelegate.h */,
				340313A81EC2ACC400E3BB28 /* AppDelegate.m */,
				340313AD1EC2ACC400E3BB28 /* Main.storyboard */,
				340313B01EC2ACC400E3BB28 /* Assets.xcassets */,
				340313B21EC2ACC400E3BB28 /* LaunchScreen.storyboard */,
				340313B51EC2ACC400E3BB28 /* Info.plist */,
				340313A51EC2ACC400E3BB28 /* main.m */,
			);
			name = "Supporting Files";
			sourceTree = "<group>";
		};
		342A35921F2C955000E9FDC0 /* Images */ = {
			isa = PBXGroup;
			children = (
				342A35941F2C955000E9FDC0 /* zgr1.jpg */,
			);
			path = Images;
			sourceTree = "<group>";
		};
		342A35971F2D827600E9FDC0 /* params */ = {
			isa = PBXGroup;
			children = (
				34F776BC1EFD182200327943 /* testX100 */,
				34F776BD1EFD182200327943 /* testY100 */,
				3452351F1EF6A19900F6AD53 /* w2 */,
				3452351C1EF6A19900F6AD53 /* w0 */,
				345235201EF6A19900F6AD53 /* b3 */,
				345235211EF6A19A00F6AD53 /* w1 */,
				3452351B1EF6A19900F6AD53 /* w3 */,
				3452351E1EF6A19900F6AD53 /* b0 */,
				3452351A1EF6A19900F6AD53 /* b2 */,
				3452351D1EF6A19900F6AD53 /* b1 */,
			);
			path = params;
			sourceTree = "<group>";
		};
		3452352A1EF6A1A200F6AD53 /* LeNet */ = {
			isa = PBXGroup;
			children = (
				34E37F901F3FFAC500A0F824 /* PaintView.h */,
				34E37F911F3FFAC500A0F824 /* PaintView.m */,
				34D21CDD1EFF559B00109A5E /* MPSLeNetViewController.h */,
				34D21CDE1EFF559B00109A5E /* MPSLeNetViewController.m */,
				34E32BF61EF65954000DC105 /* LeNetViewController.h */,
				34E32BF71EF65954000DC105 /* LeNetViewController.m */,
				342A35971F2D827600E9FDC0 /* params */,
			);
			path = LeNet;
			sourceTree = "<group>";
		};
		348B4BA41F24A20600F674A1 /* Art Transform */ = {
			isa = PBXGroup;
			children = (
				348B4BA81F24BA7300F674A1 /* params */,
				348B4BA51F24A22B00F674A1 /* BrouResidualLayer.h */,
				348B4BA61F24A22B00F674A1 /* BrouResidualLayer.m */,
				348B4C091F24BAA900F674A1 /* ArtTransformViewController.h */,
				348B4C0A1F24BAA900F674A1 /* ArtTransformViewController.m */,
			);
			path = "Art Transform";
			sourceTree = "<group>";
		};
		348B4BA81F24BA7300F674A1 /* params */ = {
			isa = PBXGroup;
			children = (
				348B4BA91F24BA7300F674A1 /* conv1_alpha */,
				348B4BAA1F24BA7300F674A1 /* conv1_beta */,
				348B4BAB1F24BA7300F674A1 /* conv1_weight */,
				348B4BAC1F24BA7300F674A1 /* conv2_alpha */,
				348B4BAD1F24BA7300F674A1 /* conv2_beta */,
				348B4BAE1F24BA7300F674A1 /* conv2_weight */,
				348B4BAF1F24BA7300F674A1 /* conv3_alpha */,
				348B4BB01F24BA7300F674A1 /* conv3_beta */,
				348B4BB11F24BA7300F674A1 /* conv3_weight */,
				348B4BB21F24BA7300F674A1 /* conv4_alpha */,
				348B4BB31F24BA7300F674A1 /* conv4_beta */,
				348B4BB41F24BA7300F674A1 /* conv4_weight */,
				348B4BB51F24BA7300F674A1 /* res1_conv1_alpha */,
				348B4BB61F24BA7300F674A1 /* res1_conv1_beta */,
				348B4BB71F24BA7300F674A1 /* res1_conv1_weight */,
				348B4BB81F24BA7300F674A1 /* res1_conv2_alpha */,
				348B4BB91F24BA7300F674A1 /* res1_conv2_beta */,
				348B4BBA1F24BA7300F674A1 /* res1_conv2_weight */,
				348B4BBB1F24BA7300F674A1 /* res2_conv1_alpha */,
				348B4BBC1F24BA7300F674A1 /* res2_conv1_beta */,
				348B4BBD1F24BA7300F674A1 /* res2_conv1_weight */,
				348B4BBE1F24BA7300F674A1 /* res2_conv2_alpha */,
				348B4BBF1F24BA7300F674A1 /* res2_conv2_beta */,
				348B4BC01F24BA7300F674A1 /* res2_conv2_weight */,
				348B4BC11F24BA7300F674A1 /* res3_conv1_alpha */,
				348B4BC21F24BA7300F674A1 /* res3_conv1_beta */,
				348B4BC31F24BA7300F674A1 /* res3_conv1_weight */,
				348B4BC41F24BA7300F674A1 /* res3_conv2_alpha */,
				348B4BC51F24BA7300F674A1 /* res3_conv2_beta */,
				348B4BC61F24BA7300F674A1 /* res3_conv2_weight */,
				348B4BC71F24BA7300F674A1 /* res4_conv1_alpha */,
				348B4BC81F24BA7300F674A1 /* res4_conv1_beta */,
				348B4BC91F24BA7300F674A1 /* res4_conv1_weight */,
				348B4BCA1F24BA7300F674A1 /* res4_conv2_alpha */,
				348B4BCB1F24BA7300F674A1 /* res4_conv2_beta */,
				348B4BCC1F24BA7300F674A1 /* res4_conv2_weight */,
				348B4BCD1F24BA7300F674A1 /* res5_conv1_alpha */,
				348B4BCE1F24BA7300F674A1 /* res5_conv1_beta */,
				348B4BCF1F24BA7300F674A1 /* res5_conv1_weight */,
				348B4BD01F24BA7300F674A1 /* res5_conv2_alpha */,
				348B4BD11F24BA7300F674A1 /* res5_conv2_beta */,
				348B4BD21F24BA7300F674A1 /* res5_conv2_weight */,
				348B4BD31F24BA7300F674A1 /* transpose_conv1_alpha */,
				348B4BD41F24BA7300F674A1 /* transpose_conv1_beta */,
				348B4BD51F24BA7300F674A1 /* transpose_conv1_weight */,
				348B4BD61F24BA7300F674A1 /* transpose_conv2_alpha */,
				348B4BD71F24BA7300F674A1 /* transpose_conv2_beta */,
				348B4BD81F24BA7300F674A1 /* transpose_conv2_weight */,
			);
			path = params;
			sourceTree = "<group>";
		};
		34E37F8C1F3FEF5000A0F824 /* Test */ = {
			isa = PBXGroup;
			children = (
				340313AA1EC2ACC400E3BB28 /* ViewController.h */,
				340313AB1EC2ACC400E3BB28 /* ViewController.m */,
			);
			path = Test;
			sourceTree = "<group>";
		};
		34F865241ECC42CC00354C8D /* Frameworks */ = {
			isa = PBXGroup;
			children = (
				3463FF7C1ED18C2D003D7F2C /* libBrouhaha.a */,
			);
			name = Frameworks;
			sourceTree = "<group>";
		};
/* End PBXGroup section */

/* Begin PBXNativeTarget section */
		340313A01EC2ACC400E3BB28 /* Brouhaha-Demo */ = {
			isa = PBXNativeTarget;
			buildConfigurationList = 340313B81EC2ACC400E3BB28 /* Build configuration list for PBXNativeTarget "Brouhaha-Demo" */;
			buildPhases = (
				3403139D1EC2ACC400E3BB28 /* Sources */,
				3403139E1EC2ACC400E3BB28 /* Frameworks */,
				3403139F1EC2ACC400E3BB28 /* Resources */,
			);
			buildRules = (
			);
			dependencies = (
			);
			name = "Brouhaha-Demo";
			productName = "Brouhaha-Test";
			productReference = 340313A11EC2ACC400E3BB28 /* Brouhaha-Demo.app */;
			productType = "com.apple.product-type.application";
		};
/* End PBXNativeTarget section */

/* Begin PBXProject section */
		340313991EC2ACC400E3BB28 /* Project object */ = {
			isa = PBXProject;
			attributes = {
				LastUpgradeCheck = 0830;
				ORGANIZATIONNAME = yanyuanchi;
				TargetAttributes = {
					340313A01EC2ACC400E3BB28 = {
						CreatedOnToolsVersion = 8.3.2;
						DevelopmentTeam = V7F846A4L3;
						ProvisioningStyle = Automatic;
					};
				};
			};
			buildConfigurationList = 3403139C1EC2ACC400E3BB28 /* Build configuration list for PBXProject "Brouhaha-Demo" */;
			compatibilityVersion = "Xcode 3.2";
			developmentRegion = English;
			hasScannedForEncodings = 0;
			knownRegions = (
				en,
				Base,
			);
			mainGroup = 340313981EC2ACC400E3BB28;
			productRefGroup = 340313A21EC2ACC400E3BB28 /* Products */;
			projectDirPath = "";
			projectRoot = "";
			targets = (
				340313A01EC2ACC400E3BB28 /* Brouhaha-Demo */,
			);
		};
/* End PBXProject section */

/* Begin PBXResourcesBuildPhase section */
		3403139F1EC2ACC400E3BB28 /* Resources */ = {
			isa = PBXResourcesBuildPhase;
			buildActionMask = 2147483647;
			files = (
				342A35961F2C955C00E9FDC0 /* zgr1.jpg in Resources */,
				348B4BD91F24BA8100F674A1 /* conv1_alpha in Resources */,
				348B4BDA1F24BA8100F674A1 /* conv1_beta in Resources */,
				348B4BDB1F24BA8100F674A1 /* conv1_weight in Resources */,
				348B4BDC1F24BA8100F674A1 /* conv2_alpha in Resources */,
				348B4BDD1F24BA8100F674A1 /* conv2_beta in Resources */,
				348B4BDE1F24BA8100F674A1 /* conv2_weight in Resources */,
				348B4BDF1F24BA8100F674A1 /* conv3_alpha in Resources */,
				348B4BE01F24BA8100F674A1 /* conv3_beta in Resources */,
				348B4BE11F24BA8100F674A1 /* conv3_weight in Resources */,
				348B4BE21F24BA8100F674A1 /* conv4_alpha in Resources */,
				348B4BE31F24BA8100F674A1 /* conv4_beta in Resources */,
				348B4BE41F24BA8100F674A1 /* conv4_weight in Resources */,
				348B4BE51F24BA8100F674A1 /* res1_conv1_alpha in Resources */,
				348B4BE61F24BA8100F674A1 /* res1_conv1_beta in Resources */,
				348B4BE71F24BA8100F674A1 /* res1_conv1_weight in Resources */,
				348B4BE81F24BA8100F674A1 /* res1_conv2_alpha in Resources */,
				348B4BE91F24BA8100F674A1 /* res1_conv2_beta in Resources */,
				348B4BEA1F24BA8100F674A1 /* res1_conv2_weight in Resources */,
				348B4BEB1F24BA8100F674A1 /* res2_conv1_alpha in Resources */,
				348B4BEC1F24BA8100F674A1 /* res2_conv1_beta in Resources */,
				348B4BED1F24BA8100F674A1 /* res2_conv1_weight in Resources */,
				348B4BEE1F24BA8100F674A1 /* res2_conv2_alpha in Resources */,
				348B4BEF1F24BA8100F674A1 /* res2_conv2_beta in Resources */,
				348B4BF01F24BA8100F674A1 /* res2_conv2_weight in Resources */,
				348B4BF11F24BA8100F674A1 /* res3_conv1_alpha in Resources */,
				348B4BF21F24BA8100F674A1 /* res3_conv1_beta in Resources */,
				348B4BF31F24BA8100F674A1 /* res3_conv1_weight in Resources */,
				348B4BF41F24BA8100F674A1 /* res3_conv2_alpha in Resources */,
				348B4BF51F24BA8100F674A1 /* res3_conv2_beta in Resources */,
				348B4BF61F24BA8100F674A1 /* res3_conv2_weight in Resources */,
				348B4BF71F24BA8100F674A1 /* res4_conv1_alpha in Resources */,
				348B4BF81F24BA8100F674A1 /* res4_conv1_beta in Resources */,
				348B4BF91F24BA8100F674A1 /* res4_conv1_weight in Resources */,
				348B4BFA1F24BA8100F674A1 /* res4_conv2_alpha in Resources */,
				348B4BFB1F24BA8100F674A1 /* res4_conv2_beta in Resources */,
				348B4BFC1F24BA8100F674A1 /* res4_conv2_weight in Resources */,
				348B4BFD1F24BA8100F674A1 /* res5_conv1_alpha in Resources */,
				348B4BFE1F24BA8100F674A1 /* res5_conv1_beta in Resources */,
				348B4BFF1F24BA8100F674A1 /* res5_conv1_weight in Resources */,
				348B4C001F24BA8100F674A1 /* res5_conv2_alpha in Resources */,
				348B4C011F24BA8100F674A1 /* res5_conv2_beta in Resources */,
				348B4C021F24BA8100F674A1 /* res5_conv2_weight in Resources */,
				348B4C031F24BA8100F674A1 /* transpose_conv1_alpha in Resources */,
				348B4C041F24BA8100F674A1 /* transpose_conv1_beta in Resources */,
				348B4C051F24BA8100F674A1 /* transpose_conv1_weight in Resources */,
				348B4C061F24BA8100F674A1 /* transpose_conv2_alpha in Resources */,
				348B4C071F24BA8100F674A1 /* transpose_conv2_beta in Resources */,
				348B4C081F24BA8100F674A1 /* transpose_conv2_weight in Resources */,
				3492843B1F21058F000B7921 /* BrouhahaMetal.metallib in Resources */,
				34F776BE1EFD182D00327943 /* testX100 in Resources */,
				34F776BF1EFD182D00327943 /* testY100 in Resources */,
				345235241EF6A19A00F6AD53 /* w0 in Resources */,
				345235251EF6A19A00F6AD53 /* b1 in Resources */,
				345235291EF6A19A00F6AD53 /* w1 in Resources */,
				345235231EF6A19A00F6AD53 /* w3 in Resources */,
				345235221EF6A19A00F6AD53 /* b2 in Resources */,
				340313B41EC2ACC400E3BB28 /* LaunchScreen.storyboard in Resources */,
				345235271EF6A19A00F6AD53 /* w2 in Resources */,
				345235261EF6A19A00F6AD53 /* b0 in Resources */,
				340313B11EC2ACC400E3BB28 /* Assets.xcassets in Resources */,
				340313AF1EC2ACC400E3BB28 /* Main.storyboard in Resources */,
				345235281EF6A19A00F6AD53 /* b3 in Resources */,
			);
			runOnlyForDeploymentPostprocessing = 0;
		};
/* End PBXResourcesBuildPhase section */

/* Begin PBXSourcesBuildPhase section */
		3403139D1EC2ACC400E3BB28 /* Sources */ = {
			isa = PBXSourcesBuildPhase;
			buildActionMask = 2147483647;
			files = (
				348B4BA71F24A22B00F674A1 /* BrouResidualLayer.m in Sources */,
				340313AC1EC2ACC400E3BB28 /* ViewController.m in Sources */,
				34D21CDF1EFF559B00109A5E /* MPSLeNetViewController.m in Sources */,
				340313A91EC2ACC400E3BB28 /* AppDelegate.m in Sources */,
				340313A61EC2ACC400E3BB28 /* main.m in Sources */,
				34E32BF81EF65955000DC105 /* LeNetViewController.m in Sources */,
				348B4C0B1F24BAA900F674A1 /* ArtTransformViewController.m in Sources */,
				34E37F8F1F3FEF7D00A0F824 /* BrouDemoViewController.m in Sources */,
				34E37F921F3FFAC500A0F824 /* PaintView.m in Sources */,
			);
			runOnlyForDeploymentPostprocessing = 0;
		};
/* End PBXSourcesBuildPhase section */

/* Begin PBXVariantGroup section */
		340313AD1EC2ACC400E3BB28 /* Main.storyboard */ = {
			isa = PBXVariantGroup;
			children = (
				340313AE1EC2ACC400E3BB28 /* Base */,
			);
			name = Main.storyboard;
			sourceTree = "<group>";
		};
		340313B21EC2ACC400E3BB28 /* LaunchScreen.storyboard */ = {
			isa = PBXVariantGroup;
			children = (
				340313B31EC2ACC400E3BB28 /* Base */,
			);
			name = LaunchScreen.storyboard;
			sourceTree = "<group>";
		};
/* End PBXVariantGroup section */

/* Begin XCBuildConfiguration section */
		340313B61EC2ACC400E3BB28 /* Debug */ = {
			isa = XCBuildConfiguration;
			buildSettings = {
				ALWAYS_SEARCH_USER_PATHS = NO;
				CLANG_ANALYZER_NONNULL = YES;
				CLANG_ANALYZER_NUMBER_OBJECT_CONVERSION = YES_AGGRESSIVE;
				CLANG_CXX_LANGUAGE_STANDARD = "gnu++0x";
				CLANG_CXX_LIBRARY = "libc++";
				CLANG_ENABLE_MODULES = YES;
				CLANG_ENABLE_OBJC_ARC = YES;
				CLANG_WARN_BOOL_CONVERSION = YES;
				CLANG_WARN_CONSTANT_CONVERSION = YES;
				CLANG_WARN_DIRECT_OBJC_ISA_USAGE = YES_ERROR;
				CLANG_WARN_DOCUMENTATION_COMMENTS = YES;
				CLANG_WARN_EMPTY_BODY = YES;
				CLANG_WARN_ENUM_CONVERSION = YES;
				CLANG_WARN_INFINITE_RECURSION = YES;
				CLANG_WARN_INT_CONVERSION = YES;
				CLANG_WARN_OBJC_ROOT_CLASS = YES_ERROR;
				CLANG_WARN_SUSPICIOUS_MOVE = YES;
				CLANG_WARN_UNREACHABLE_CODE = YES;
				CLANG_WARN__DUPLICATE_METHOD_MATCH = YES;
				"CODE_SIGN_IDENTITY[sdk=iphoneos*]" = "iPhone Developer";
				COPY_PHASE_STRIP = NO;
				DEBUG_INFORMATION_FORMAT = dwarf;
				ENABLE_STRICT_OBJC_MSGSEND = YES;
				ENABLE_TESTABILITY = YES;
				GCC_C_LANGUAGE_STANDARD = gnu99;
				GCC_DYNAMIC_NO_PIC = NO;
				GCC_NO_COMMON_BLOCKS = YES;
				GCC_OPTIMIZATION_LEVEL = 0;
				GCC_PREPROCESSOR_DEFINITIONS = (
					"DEBUG=1",
					"$(inherited)",
				);
				GCC_WARN_64_TO_32_BIT_CONVERSION = YES;
				GCC_WARN_ABOUT_RETURN_TYPE = YES_ERROR;
				GCC_WARN_UNDECLARED_SELECTOR = YES;
				GCC_WARN_UNINITIALIZED_AUTOS = YES_AGGRESSIVE;
				GCC_WARN_UNUSED_FUNCTION = YES;
				GCC_WARN_UNUSED_VARIABLE = YES;
				IPHONEOS_DEPLOYMENT_TARGET = 8.0;
				MTL_ENABLE_DEBUG_INFO = YES;
				ONLY_ACTIVE_ARCH = YES;
				SDKROOT = iphoneos;
				TARGETED_DEVICE_FAMILY = "1,2";
				VALID_ARCHS = "armv7 armv7s arm64";
			};
			name = Debug;
		};
		340313B71EC2ACC400E3BB28 /* Release */ = {
			isa = XCBuildConfiguration;
			buildSettings = {
				ALWAYS_SEARCH_USER_PATHS = NO;
				CLANG_ANALYZER_NONNULL = YES;
				CLANG_ANALYZER_NUMBER_OBJECT_CONVERSION = YES_AGGRESSIVE;
				CLANG_CXX_LANGUAGE_STANDARD = "gnu++0x";
				CLANG_CXX_LIBRARY = "libc++";
				CLANG_ENABLE_MODULES = YES;
				CLANG_ENABLE_OBJC_ARC = YES;
				CLANG_WARN_BOOL_CONVERSION = YES;
				CLANG_WARN_CONSTANT_CONVERSION = YES;
				CLANG_WARN_DIRECT_OBJC_ISA_USAGE = YES_ERROR;
				CLANG_WARN_DOCUMENTATION_COMMENTS = YES;
				CLANG_WARN_EMPTY_BODY = YES;
				CLANG_WARN_ENUM_CONVERSION = YES;
				CLANG_WARN_INFINITE_RECURSION = YES;
				CLANG_WARN_INT_CONVERSION = YES;
				CLANG_WARN_OBJC_ROOT_CLASS = YES_ERROR;
				CLANG_WARN_SUSPICIOUS_MOVE = YES;
				CLANG_WARN_UNREACHABLE_CODE = YES;
				CLANG_WARN__DUPLICATE_METHOD_MATCH = YES;
				"CODE_SIGN_IDENTITY[sdk=iphoneos*]" = "iPhone Developer";
				COPY_PHASE_STRIP = NO;
				DEBUG_INFORMATION_FORMAT = "dwarf-with-dsym";
				ENABLE_NS_ASSERTIONS = NO;
				ENABLE_STRICT_OBJC_MSGSEND = YES;
				GCC_C_LANGUAGE_STANDARD = gnu99;
				GCC_NO_COMMON_BLOCKS = YES;
				GCC_WARN_64_TO_32_BIT_CONVERSION = YES;
				GCC_WARN_ABOUT_RETURN_TYPE = YES_ERROR;
				GCC_WARN_UNDECLARED_SELECTOR = YES;
				GCC_WARN_UNINITIALIZED_AUTOS = YES_AGGRESSIVE;
				GCC_WARN_UNUSED_FUNCTION = YES;
				GCC_WARN_UNUSED_VARIABLE = YES;
				IPHONEOS_DEPLOYMENT_TARGET = 8.0;
				MTL_ENABLE_DEBUG_INFO = NO;
				ONLY_ACTIVE_ARCH = NO;
				SDKROOT = iphoneos;
				TARGETED_DEVICE_FAMILY = "1,2";
				VALIDATE_PRODUCT = YES;
				VALID_ARCHS = "armv7 armv7s arm64";
			};
			name = Release;
		};
		340313B91EC2ACC400E3BB28 /* Debug */ = {
			isa = XCBuildConfiguration;
			buildSettings = {
				ASSETCATALOG_COMPILER_APPICON_NAME = AppIcon;
				DEVELOPMENT_TEAM = V7F846A4L3;
				FRAMEWORK_SEARCH_PATHS = "$(PROJECT_DIR)/../Brouhaha/**";
				HEADER_SEARCH_PATHS = "$(PROJECT_DIR)/../Brouhaha/**";
				INFOPLIST_FILE = "$(SRCROOT)/Brouhaha-Demo/Info.plist";
				LD_RUNPATH_SEARCH_PATHS = "$(inherited) @executable_path/Frameworks";
				LIBRARY_SEARCH_PATHS = "$(PROJECT_DIR)/../Brouhaha/**";
				PRODUCT_BUNDLE_IDENTIFIER = "com.amazingyyc.Brouhaha-Test";
				PRODUCT_NAME = "$(TARGET_NAME)";
			};
			name = Debug;
		};
		340313BA1EC2ACC400E3BB28 /* Release */ = {
			isa = XCBuildConfiguration;
			buildSettings = {
				ASSETCATALOG_COMPILER_APPICON_NAME = AppIcon;
				DEVELOPMENT_TEAM = V7F846A4L3;
				FRAMEWORK_SEARCH_PATHS = "$(PROJECT_DIR)/../Brouhaha/**";
				HEADER_SEARCH_PATHS = "$(PROJECT_DIR)/../Brouhaha/**";
				INFOPLIST_FILE = "$(SRCROOT)/Brouhaha-Demo/Info.plist";
				LD_RUNPATH_SEARCH_PATHS = "$(inherited) @executable_path/Frameworks";
				LIBRARY_SEARCH_PATHS = "$(PROJECT_DIR)/../Brouhaha/**";
				PRODUCT_BUNDLE_IDENTIFIER = "com.amazingyyc.Brouhaha-Test";
				PRODUCT_NAME = "$(TARGET_NAME)";
			};
			name = Release;
		};
/* End XCBuildConfiguration section */

/* Begin XCConfigurationList section */
		3403139C1EC2ACC400E3BB28 /* Build configuration list for PBXProject "Brouhaha-Demo" */ = {
			isa = XCConfigurationList;
			buildConfigurations = (
				340313B61EC2ACC400E3BB28 /* Debug */,
				340313B71EC2ACC400E3BB28 /* Release */,
			);
			defaultConfigurationIsVisible = 0;
			defaultConfigurationName = Release;
		};
		340313B81EC2ACC400E3BB28 /* Build configuration list for PBXNativeTarget "Brouhaha-Demo" */ = {
			isa = XCConfigurationList;
			buildConfigurations = (
				340313B91EC2ACC400E3BB28 /* Debug */,
				340313BA1EC2ACC400E3BB28 /* Release */,
			);
			defaultConfigurationIsVisible = 0;
			defaultConfigurationName = Release;
		};
/* End XCConfigurationList section */
	};
	rootObject = 340313991EC2ACC400E3BB28 /* Project object */;
}
